
Microsoft Visual Studio Solution File, Format Version 12.00
Project("{2150E333-8FDC-42A3-9474-1A3956D46DE8}") = "src", "src", "{9922CBF1-65ED-46A2-A964-085B906C5837}"
EndProject
Project("{FAE04EC0-301F-11D3-BF4B-00C04F79EFBC}") = "Domain", "src\Domain\Domain.csproj", "{FC26EC36-6E6C-4F97-8CD3-58F450C5C9B3}"
EndProject
Project("{FAE04EC0-301F-11D3-BF4B-00C04F79EFBC}") = "Application", "src\Application\Application.csproj", "{A4FC0409-EE47-47DD-B43A-B7774E8A114C}"
EndProject
Project("{FAE04EC0-301F-11D3-BF4B-00C04F79EFBC}") = "Infrastructure", "src\Infrastructure\Infrastructure.csproj", "{34AC7267-5C7E-455E-8A00-356150BAFB98}"
EndProject
Project("{FAE04EC0-301F-11D3-BF4B-00C04F79EFBC}") = "WebAPI", "src\WebAPI\WebAPI.csproj", "{BEB647B2-BFC1-4F4F-A986-075D489984B7}"
EndProject
Global
	GlobalSection(SolutionConfigurationPlatforms) = preSolution
		Debug|Any CPU = Debug|Any CPU
		Release|Any CPU = Release|Any CPU
	EndGlobalSection
	GlobalSection(NestedProjects) = preSolution
		{FC26EC36-6E6C-4F97-8CD3-58F450C5C9B3} = {9922CBF1-65ED-46A2-A964-085B906C5837}
		{A4FC0409-EE47-47DD-B43A-B7774E8A114C} = {9922CBF1-65ED-46A2-A964-085B906C5837}
		{34AC7267-5C7E-455E-8A00-356150BAFB98} = {9922CBF1-65ED-46A2-A964-085B906C5837}
		{BEB647B2-BFC1-4F4F-A986-075D489984B7} = {9922CBF1-65ED-46A2-A964-085B906C5837}
	EndGlobalSection
	GlobalSection(ProjectConfigurationPlatforms) = postSolution
		{FC26EC36-6E6C-4F97-8CD3-58F450C5C9B3}.Debug|Any CPU.ActiveCfg = Debug|Any CPU
		{FC26EC36-6E6C-4F97-8CD3-58F450C5C9B3}.Debug|Any CPU.Build.0 = Debug|Any CPU
		{FC26EC36-6E6C-4F97-8CD3-58F450C5C9B3}.Release|Any CPU.ActiveCfg = Release|Any CPU
		{FC26EC36-6E6C-4F97-8CD3-58F450C5C9B3}.Release|Any CPU.Build.0 = Release|Any CPU
		{A4FC0409-EE47-47DD-B43A-B7774E8A114C}.Debug|Any CPU.ActiveCfg = Debug|Any CPU
		{A4FC0409-EE47-47DD-B43A-B7774E8A114C}.Debug|Any CPU.Build.0 = Debug|Any CPU
		{A4FC0409-EE47-47DD-B43A-B7774E8A114C}.Release|Any CPU.ActiveCfg = Release|Any CPU
		{A4FC0409-EE47-47DD-B43A-B7774E8A114C}.Release|Any CPU.Build.0 = Release|Any CPU
		{34AC7267-5C7E-455E-8A00-356150BAFB98}.Debug|Any CPU.ActiveCfg = Debug|Any CPU
		{34AC7267-5C7E-455E-8A00-356150BAFB98}.Debug|Any CPU.Build.0 = Debug|Any CPU
		{34AC7267-5C7E-455E-8A00-356150BAFB98}.Release|Any CPU.ActiveCfg = Release|Any CPU
		{34AC7267-5C7E-455E-8A00-356150BAFB98}.Release|Any CPU.Build.0 = Release|Any CPU
		{BEB647B2-BFC1-4F4F-A986-075D489984B7}.Debug|Any CPU.ActiveCfg = Debug|Any CPU
		{BEB647B2-BFC1-4F4F-A986-075D489984B7}.Debug|Any CPU.Build.0 = Debug|Any CPU
		{BEB647B2-BFC1-4F4F-A986-075D489984B7}.Release|Any CPU.ActiveCfg = Release|Any CPU
		{BEB647B2-BFC1-4F4F-A986-075D489984B7}.Release|Any CPU.Build.0 = Release|Any CPU
	EndGlobalSection
EndGlobal
