
Microsoft Visual Studio Solution File, Format Version 12.00
# Visual Studio Version 16
VisualStudioVersion = 16.0.30114.105
MinimumVisualStudioVersion = 10.0.40219.1
Project("{2150E333-8FDC-42A3-9474-1A3956D46DE8}") = "src", "src", "{A8107F9C-AC86-4467-8685-A17633E86715}"
EndProject
Project("{2150E333-8FDC-42A3-9474-1A3956D46DE8}") = "Services", "Services", "{4E404E16-E8CB-4A01-B42E-C1E624D12A49}"
EndProject
Project("{2150E333-8FDC-42A3-9474-1A3956D46DE8}") = "Account", "Account", "{84C69DE1-8A83-45FD-BD8B-C749FCE8416F}"
EndProject
Project("{FAE04EC0-301F-11D3-BF4B-00C04F79EFBC}") = "WorkerService", "src\Services\Account\WorkerService\WorkerService.csproj", "{810F62CA-37EF-4914-A28E-F35D31B774E0}"
EndProject
Project("{FAE04EC0-301F-11D3-BF4B-00C04F79EFBC}") = "Infrastructure", "src\Services\Account\Infrastructure\Infrastructure.csproj", "{4A884B99-9489-4A26-9AD4-8C5305DA207F}"
EndProject
Project("{FAE04EC0-301F-11D3-BF4B-00C04F79EFBC}") = "Domain", "src\Services\Account\Domain\Domain.csproj", "{61C11295-91C7-4F5A-8684-A0594CAE46BE}"
EndProject
Project("{2150E333-8FDC-42A3-9474-1A3956D46DE8}") = "Contracts", "Contracts", "{A4AA979C-E984-4303-9B97-5CA85CFCF601}"
EndProject
Project("{FAE04EC0-301F-11D3-BF4B-00C04F79EFBC}") = "ECommerce", "src\Contracts\ECommerce\ECommerce.csproj", "{50BFE5CE-EE45-43C4-81CC-DF4A16CB9581}"
EndProject
Project("{2150E333-8FDC-42A3-9474-1A3956D46DE8}") = "Web", "Web", "{C9CDAF5D-FE5E-4E6E-8F65-7B84AFD35A6A}"
EndProject
Project("{FAE04EC0-301F-11D3-BF4B-00C04F79EFBC}") = "Application", "src\Services\Account\Application\Application.csproj", "{EA5ECAA2-3575-48B9-A04A-9A8F0E7B113A}"
EndProject
Project("{2150E333-8FDC-42A3-9474-1A3956D46DE8}") = "WebAPI", "WebAPI", "{B9673B9E-1CC7-4174-B87B-34CB0761D2AE}"
EndProject
Project("{FAE04EC0-301F-11D3-BF4B-00C04F79EFBC}") = "ECommerce.WebAPI", "src\Web\WebAPI\ECommerce.WebAPI\ECommerce.WebAPI.csproj", "{1B317249-9CBC-469A-B464-D4030FBFE071}"
EndProject
Project("{2150E333-8FDC-42A3-9474-1A3956D46DE8}") = "ShoppingCart", "ShoppingCart", "{E20DD84A-FBAA-40AB-A7FD-A0C1C675C86F}"
EndProject
Project("{FAE04EC0-301F-11D3-BF4B-00C04F79EFBC}") = "Application", "src\Services\ShoppingCart\Application\Application.csproj", "{0AB1EE03-7FF9-4299-A115-BC073631CB39}"
EndProject
Project("{FAE04EC0-301F-11D3-BF4B-00C04F79EFBC}") = "Domain", "src\Services\ShoppingCart\Domain\Domain.csproj", "{01D4C54A-6AA2-4EFF-AFEE-6A74CE3CF20F}"
EndProject
Project("{FAE04EC0-301F-11D3-BF4B-00C04F79EFBC}") = "Infrastructure", "src\Services\ShoppingCart\Infrastructure\Infrastructure.csproj", "{E4ED2D8E-7FD8-4F7A-A5AD-2A5B91C0EDBD}"
EndProject
Project("{FAE04EC0-301F-11D3-BF4B-00C04F79EFBC}") = "WorkerService", "src\Services\ShoppingCart\WorkerService\WorkerService.csproj", "{370FA691-EEC0-4D69-AC48-00C89A0B0FB4}"
EndProject
Project("{2150E333-8FDC-42A3-9474-1A3956D46DE8}") = "Catalog", "Catalog", "{B721D24A-11BD-4F6C-AB8D-E48EA8CADEE8}"
EndProject
Project("{FAE04EC0-301F-11D3-BF4B-00C04F79EFBC}") = "Application", "src\Services\Catalog\Application\Application.csproj", "{EA5DC951-A4B2-4AD0-9459-416EDE495604}"
EndProject
Project("{FAE04EC0-301F-11D3-BF4B-00C04F79EFBC}") = "Domain", "src\Services\Catalog\Domain\Domain.csproj", "{B6F13DEA-05AF-4474-933F-94852DC73022}"
EndProject
Project("{FAE04EC0-301F-11D3-BF4B-00C04F79EFBC}") = "Infrastructure", "src\Services\Catalog\Infrastructure\Infrastructure.csproj", "{A6CF42C5-6779-4340-8E8A-F53BCA335CD5}"
EndProject
Project("{FAE04EC0-301F-11D3-BF4B-00C04F79EFBC}") = "WorkerService", "src\Services\Catalog\WorkerService\WorkerService.csproj", "{53355005-5FDD-41D1-A03B-E017BA92FA03}"
EndProject
Project("{2150E333-8FDC-42A3-9474-1A3956D46DE8}") = "Identity", "Identity", "{120AE240-EF32-48EF-B8A9-2B7B2257E0BC}"
EndProject
Project("{FAE04EC0-301F-11D3-BF4B-00C04F79EFBC}") = "WorkerService", "src\Services\Identity\WorkerService\WorkerService.csproj", "{2B6B6A1B-0801-455E-AB90-F03B83157A53}"
EndProject
Project("{FAE04EC0-301F-11D3-BF4B-00C04F79EFBC}") = "Domain", "src\Services\Identity\Domain\Domain.csproj", "{5475DB62-04D8-43A4-921A-597343CC75E4}"
EndProject
Project("{FAE04EC0-301F-11D3-BF4B-00C04F79EFBC}") = "Application", "src\Services\Identity\Application\Application.csproj", "{91129C2A-93E9-45BA-88EC-77017EC13B1B}"
EndProject
Project("{FAE04EC0-301F-11D3-BF4B-00C04F79EFBC}") = "Infrastructure", "src\Services\Identity\Infrastructure\Infrastructure.csproj", "{406BB6BD-EEC8-4C78-AEF4-BAF2B63C783E}"
EndProject
Project("{2150E333-8FDC-42A3-9474-1A3956D46DE8}") = "Payment", "Payment", "{ADF2789E-DE10-4F06-9972-B368A1F91740}"
EndProject
Project("{FAE04EC0-301F-11D3-BF4B-00C04F79EFBC}") = "Domain", "src\Services\Payment\Domain\Domain.csproj", "{E94F7AF6-4BD6-403E-A3D2-F33D34FA3FD9}"
EndProject
Project("{2150E333-8FDC-42A3-9474-1A3956D46DE8}") = "Order", "Order", "{2AAE1478-D3F3-4D1A-83C1-233627A03B26}"
EndProject
Project("{FAE04EC0-301F-11D3-BF4B-00C04F79EFBC}") = "Application", "src\Services\Order\Application\Application.csproj", "{9FB5BCBE-4004-45BA-9D72-A53DCA809270}"
EndProject
Project("{FAE04EC0-301F-11D3-BF4B-00C04F79EFBC}") = "Domain", "src\Services\Order\Domain\Domain.csproj", "{87541A7F-539D-4D68-A110-FD374D8F51EC}"
EndProject
Project("{FAE04EC0-301F-11D3-BF4B-00C04F79EFBC}") = "Infrastructure", "src\Services\Order\Infrastructure\Infrastructure.csproj", "{2503A635-AF2D-4276-8539-54001F4845EB}"
EndProject
Project("{FAE04EC0-301F-11D3-BF4B-00C04F79EFBC}") = "WorkerService", "src\Services\Order\WorkerService\WorkerService.csproj", "{98A8CC0D-AEE6-4353-BFEE-66DC62A88B49}"
EndProject
Project("{FAE04EC0-301F-11D3-BF4B-00C04F79EFBC}") = "Application", "src\Services\Payment\Application\Application.csproj", "{4C07C79B-737E-4A1C-B607-91EF13046849}"
EndProject
Project("{FAE04EC0-301F-11D3-BF4B-00C04F79EFBC}") = "Infrastructure", "src\Services\Payment\Infrastructure\Infrastructure.csproj", "{C5C39157-DE77-47CA-8BFC-EAFB37242974}"
EndProject
Project("{FAE04EC0-301F-11D3-BF4B-00C04F79EFBC}") = "WorkerService", "src\Services\Payment\WorkerService\WorkerService.csproj", "{B9DE519E-2313-4552-B9E2-209311AF56DB}"
EndProject
Project("{2150E333-8FDC-42A3-9474-1A3956D46DE8}") = "Warehouse", "Warehouse", "{E5A5B5A4-2BC9-4D77-AD64-4B5A5871E192}"
EndProject
Project("{FAE04EC0-301F-11D3-BF4B-00C04F79EFBC}") = "Application", "src\Services\Warehouse\Application\Application.csproj", "{7577DBE0-DDE8-4B4C-AF70-1F14D8E24D26}"
EndProject
Project("{FAE04EC0-301F-11D3-BF4B-00C04F79EFBC}") = "Domain", "src\Services\Warehouse\Domain\Domain.csproj", "{2713EE5D-4CBD-4A12-841A-43463CA9C816}"
EndProject
Project("{FAE04EC0-301F-11D3-BF4B-00C04F79EFBC}") = "Infrastructure", "src\Services\Warehouse\Infrastructure\Infrastructure.csproj", "{5AB4D1FA-355D-4629-AD89-D1C753264775}"
EndProject
Project("{FAE04EC0-301F-11D3-BF4B-00C04F79EFBC}") = "WorkerService", "src\Services\Warehouse\WorkerService\WorkerService.csproj", "{837233C4-84D2-46EA-B984-4EB6A9615A3F}"
EndProject
Global
	GlobalSection(SolutionConfigurationPlatforms) = preSolution
		Debug|Any CPU = Debug|Any CPU
		Release|Any CPU = Release|Any CPU
	EndGlobalSection
	GlobalSection(SolutionProperties) = preSolution
		HideSolutionNode = FALSE
	EndGlobalSection
	GlobalSection(ProjectConfigurationPlatforms) = postSolution
		{810F62CA-37EF-4914-A28E-F35D31B774E0}.Debug|Any CPU.ActiveCfg = Debug|Any CPU
		{810F62CA-37EF-4914-A28E-F35D31B774E0}.Debug|Any CPU.Build.0 = Debug|Any CPU
		{810F62CA-37EF-4914-A28E-F35D31B774E0}.Release|Any CPU.ActiveCfg = Release|Any CPU
		{810F62CA-37EF-4914-A28E-F35D31B774E0}.Release|Any CPU.Build.0 = Release|Any CPU
		{4A884B99-9489-4A26-9AD4-8C5305DA207F}.Debug|Any CPU.ActiveCfg = Debug|Any CPU
		{4A884B99-9489-4A26-9AD4-8C5305DA207F}.Debug|Any CPU.Build.0 = Debug|Any CPU
		{4A884B99-9489-4A26-9AD4-8C5305DA207F}.Release|Any CPU.ActiveCfg = Release|Any CPU
		{4A884B99-9489-4A26-9AD4-8C5305DA207F}.Release|Any CPU.Build.0 = Release|Any CPU
		{61C11295-91C7-4F5A-8684-A0594CAE46BE}.Debug|Any CPU.ActiveCfg = Debug|Any CPU
		{61C11295-91C7-4F5A-8684-A0594CAE46BE}.Debug|Any CPU.Build.0 = Debug|Any CPU
		{61C11295-91C7-4F5A-8684-A0594CAE46BE}.Release|Any CPU.ActiveCfg = Release|Any CPU
		{61C11295-91C7-4F5A-8684-A0594CAE46BE}.Release|Any CPU.Build.0 = Release|Any CPU
		{50BFE5CE-EE45-43C4-81CC-DF4A16CB9581}.Debug|Any CPU.ActiveCfg = Debug|Any CPU
		{50BFE5CE-EE45-43C4-81CC-DF4A16CB9581}.Debug|Any CPU.Build.0 = Debug|Any CPU
		{50BFE5CE-EE45-43C4-81CC-DF4A16CB9581}.Release|Any CPU.ActiveCfg = Release|Any CPU
		{50BFE5CE-EE45-43C4-81CC-DF4A16CB9581}.Release|Any CPU.Build.0 = Release|Any CPU
		{EA5ECAA2-3575-48B9-A04A-9A8F0E7B113A}.Debug|Any CPU.ActiveCfg = Debug|Any CPU
		{EA5ECAA2-3575-48B9-A04A-9A8F0E7B113A}.Debug|Any CPU.Build.0 = Debug|Any CPU
		{EA5ECAA2-3575-48B9-A04A-9A8F0E7B113A}.Release|Any CPU.ActiveCfg = Release|Any CPU
		{EA5ECAA2-3575-48B9-A04A-9A8F0E7B113A}.Release|Any CPU.Build.0 = Release|Any CPU
		{1B317249-9CBC-469A-B464-D4030FBFE071}.Debug|Any CPU.ActiveCfg = Debug|Any CPU
		{1B317249-9CBC-469A-B464-D4030FBFE071}.Debug|Any CPU.Build.0 = Debug|Any CPU
		{1B317249-9CBC-469A-B464-D4030FBFE071}.Release|Any CPU.ActiveCfg = Release|Any CPU
		{1B317249-9CBC-469A-B464-D4030FBFE071}.Release|Any CPU.Build.0 = Release|Any CPU
		{0AB1EE03-7FF9-4299-A115-BC073631CB39}.Debug|Any CPU.ActiveCfg = Debug|Any CPU
		{0AB1EE03-7FF9-4299-A115-BC073631CB39}.Debug|Any CPU.Build.0 = Debug|Any CPU
		{0AB1EE03-7FF9-4299-A115-BC073631CB39}.Release|Any CPU.ActiveCfg = Release|Any CPU
		{0AB1EE03-7FF9-4299-A115-BC073631CB39}.Release|Any CPU.Build.0 = Release|Any CPU
		{01D4C54A-6AA2-4EFF-AFEE-6A74CE3CF20F}.Debug|Any CPU.ActiveCfg = Debug|Any CPU
		{01D4C54A-6AA2-4EFF-AFEE-6A74CE3CF20F}.Debug|Any CPU.Build.0 = Debug|Any CPU
		{01D4C54A-6AA2-4EFF-AFEE-6A74CE3CF20F}.Release|Any CPU.ActiveCfg = Release|Any CPU
		{01D4C54A-6AA2-4EFF-AFEE-6A74CE3CF20F}.Release|Any CPU.Build.0 = Release|Any CPU
		{E4ED2D8E-7FD8-4F7A-A5AD-2A5B91C0EDBD}.Debug|Any CPU.ActiveCfg = Debug|Any CPU
		{E4ED2D8E-7FD8-4F7A-A5AD-2A5B91C0EDBD}.Debug|Any CPU.Build.0 = Debug|Any CPU
		{E4ED2D8E-7FD8-4F7A-A5AD-2A5B91C0EDBD}.Release|Any CPU.ActiveCfg = Release|Any CPU
		{E4ED2D8E-7FD8-4F7A-A5AD-2A5B91C0EDBD}.Release|Any CPU.Build.0 = Release|Any CPU
		{370FA691-EEC0-4D69-AC48-00C89A0B0FB4}.Debug|Any CPU.ActiveCfg = Debug|Any CPU
		{370FA691-EEC0-4D69-AC48-00C89A0B0FB4}.Debug|Any CPU.Build.0 = Debug|Any CPU
		{370FA691-EEC0-4D69-AC48-00C89A0B0FB4}.Release|Any CPU.ActiveCfg = Release|Any CPU
		{370FA691-EEC0-4D69-AC48-00C89A0B0FB4}.Release|Any CPU.Build.0 = Release|Any CPU
		{EA5DC951-A4B2-4AD0-9459-416EDE495604}.Debug|Any CPU.ActiveCfg = Debug|Any CPU
		{EA5DC951-A4B2-4AD0-9459-416EDE495604}.Debug|Any CPU.Build.0 = Debug|Any CPU
		{EA5DC951-A4B2-4AD0-9459-416EDE495604}.Release|Any CPU.ActiveCfg = Release|Any CPU
		{EA5DC951-A4B2-4AD0-9459-416EDE495604}.Release|Any CPU.Build.0 = Release|Any CPU
		{B6F13DEA-05AF-4474-933F-94852DC73022}.Debug|Any CPU.ActiveCfg = Debug|Any CPU
		{B6F13DEA-05AF-4474-933F-94852DC73022}.Debug|Any CPU.Build.0 = Debug|Any CPU
		{B6F13DEA-05AF-4474-933F-94852DC73022}.Release|Any CPU.ActiveCfg = Release|Any CPU
		{B6F13DEA-05AF-4474-933F-94852DC73022}.Release|Any CPU.Build.0 = Release|Any CPU
		{A6CF42C5-6779-4340-8E8A-F53BCA335CD5}.Debug|Any CPU.ActiveCfg = Debug|Any CPU
		{A6CF42C5-6779-4340-8E8A-F53BCA335CD5}.Debug|Any CPU.Build.0 = Debug|Any CPU
		{A6CF42C5-6779-4340-8E8A-F53BCA335CD5}.Release|Any CPU.ActiveCfg = Release|Any CPU
		{A6CF42C5-6779-4340-8E8A-F53BCA335CD5}.Release|Any CPU.Build.0 = Release|Any CPU
		{53355005-5FDD-41D1-A03B-E017BA92FA03}.Debug|Any CPU.ActiveCfg = Debug|Any CPU
		{53355005-5FDD-41D1-A03B-E017BA92FA03}.Debug|Any CPU.Build.0 = Debug|Any CPU
		{53355005-5FDD-41D1-A03B-E017BA92FA03}.Release|Any CPU.ActiveCfg = Release|Any CPU
		{53355005-5FDD-41D1-A03B-E017BA92FA03}.Release|Any CPU.Build.0 = Release|Any CPU
		{2B6B6A1B-0801-455E-AB90-F03B83157A53}.Debug|Any CPU.ActiveCfg = Debug|Any CPU
		{2B6B6A1B-0801-455E-AB90-F03B83157A53}.Debug|Any CPU.Build.0 = Debug|Any CPU
		{2B6B6A1B-0801-455E-AB90-F03B83157A53}.Release|Any CPU.ActiveCfg = Release|Any CPU
		{2B6B6A1B-0801-455E-AB90-F03B83157A53}.Release|Any CPU.Build.0 = Release|Any CPU
		{5475DB62-04D8-43A4-921A-597343CC75E4}.Debug|Any CPU.ActiveCfg = Debug|Any CPU
		{5475DB62-04D8-43A4-921A-597343CC75E4}.Debug|Any CPU.Build.0 = Debug|Any CPU
		{5475DB62-04D8-43A4-921A-597343CC75E4}.Release|Any CPU.ActiveCfg = Release|Any CPU
		{5475DB62-04D8-43A4-921A-597343CC75E4}.Release|Any CPU.Build.0 = Release|Any CPU
		{91129C2A-93E9-45BA-88EC-77017EC13B1B}.Debug|Any CPU.ActiveCfg = Debug|Any CPU
		{91129C2A-93E9-45BA-88EC-77017EC13B1B}.Debug|Any CPU.Build.0 = Debug|Any CPU
		{91129C2A-93E9-45BA-88EC-77017EC13B1B}.Release|Any CPU.ActiveCfg = Release|Any CPU
		{91129C2A-93E9-45BA-88EC-77017EC13B1B}.Release|Any CPU.Build.0 = Release|Any CPU
		{406BB6BD-EEC8-4C78-AEF4-BAF2B63C783E}.Debug|Any CPU.ActiveCfg = Debug|Any CPU
		{406BB6BD-EEC8-4C78-AEF4-BAF2B63C783E}.Debug|Any CPU.Build.0 = Debug|Any CPU
		{406BB6BD-EEC8-4C78-AEF4-BAF2B63C783E}.Release|Any CPU.ActiveCfg = Release|Any CPU
		{406BB6BD-EEC8-4C78-AEF4-BAF2B63C783E}.Release|Any CPU.Build.0 = Release|Any CPU
		{E94F7AF6-4BD6-403E-A3D2-F33D34FA3FD9}.Debug|Any CPU.ActiveCfg = Debug|Any CPU
		{E94F7AF6-4BD6-403E-A3D2-F33D34FA3FD9}.Debug|Any CPU.Build.0 = Debug|Any CPU
		{E94F7AF6-4BD6-403E-A3D2-F33D34FA3FD9}.Release|Any CPU.ActiveCfg = Release|Any CPU
		{E94F7AF6-4BD6-403E-A3D2-F33D34FA3FD9}.Release|Any CPU.Build.0 = Release|Any CPU
		{9FB5BCBE-4004-45BA-9D72-A53DCA809270}.Debug|Any CPU.ActiveCfg = Debug|Any CPU
		{9FB5BCBE-4004-45BA-9D72-A53DCA809270}.Debug|Any CPU.Build.0 = Debug|Any CPU
		{9FB5BCBE-4004-45BA-9D72-A53DCA809270}.Release|Any CPU.ActiveCfg = Release|Any CPU
		{9FB5BCBE-4004-45BA-9D72-A53DCA809270}.Release|Any CPU.Build.0 = Release|Any CPU
		{87541A7F-539D-4D68-A110-FD374D8F51EC}.Debug|Any CPU.ActiveCfg = Debug|Any CPU
		{87541A7F-539D-4D68-A110-FD374D8F51EC}.Debug|Any CPU.Build.0 = Debug|Any CPU
		{87541A7F-539D-4D68-A110-FD374D8F51EC}.Release|Any CPU.ActiveCfg = Release|Any CPU
		{87541A7F-539D-4D68-A110-FD374D8F51EC}.Release|Any CPU.Build.0 = Release|Any CPU
		{2503A635-AF2D-4276-8539-54001F4845EB}.Debug|Any CPU.ActiveCfg = Debug|Any CPU
		{2503A635-AF2D-4276-8539-54001F4845EB}.Debug|Any CPU.Build.0 = Debug|Any CPU
		{2503A635-AF2D-4276-8539-54001F4845EB}.Release|Any CPU.ActiveCfg = Release|Any CPU
		{2503A635-AF2D-4276-8539-54001F4845EB}.Release|Any CPU.Build.0 = Release|Any CPU
		{98A8CC0D-AEE6-4353-BFEE-66DC62A88B49}.Debug|Any CPU.ActiveCfg = Debug|Any CPU
		{98A8CC0D-AEE6-4353-BFEE-66DC62A88B49}.Debug|Any CPU.Build.0 = Debug|Any CPU
		{98A8CC0D-AEE6-4353-BFEE-66DC62A88B49}.Release|Any CPU.ActiveCfg = Release|Any CPU
		{98A8CC0D-AEE6-4353-BFEE-66DC62A88B49}.Release|Any CPU.Build.0 = Release|Any CPU
		{4C07C79B-737E-4A1C-B607-91EF13046849}.Debug|Any CPU.ActiveCfg = Debug|Any CPU
		{4C07C79B-737E-4A1C-B607-91EF13046849}.Debug|Any CPU.Build.0 = Debug|Any CPU
		{4C07C79B-737E-4A1C-B607-91EF13046849}.Release|Any CPU.ActiveCfg = Release|Any CPU
		{4C07C79B-737E-4A1C-B607-91EF13046849}.Release|Any CPU.Build.0 = Release|Any CPU
		{C5C39157-DE77-47CA-8BFC-EAFB37242974}.Debug|Any CPU.ActiveCfg = Debug|Any CPU
		{C5C39157-DE77-47CA-8BFC-EAFB37242974}.Debug|Any CPU.Build.0 = Debug|Any CPU
		{C5C39157-DE77-47CA-8BFC-EAFB37242974}.Release|Any CPU.ActiveCfg = Release|Any CPU
		{C5C39157-DE77-47CA-8BFC-EAFB37242974}.Release|Any CPU.Build.0 = Release|Any CPU
		{B9DE519E-2313-4552-B9E2-209311AF56DB}.Debug|Any CPU.ActiveCfg = Debug|Any CPU
		{B9DE519E-2313-4552-B9E2-209311AF56DB}.Debug|Any CPU.Build.0 = Debug|Any CPU
		{B9DE519E-2313-4552-B9E2-209311AF56DB}.Release|Any CPU.ActiveCfg = Release|Any CPU
		{B9DE519E-2313-4552-B9E2-209311AF56DB}.Release|Any CPU.Build.0 = Release|Any CPU
		{7577DBE0-DDE8-4B4C-AF70-1F14D8E24D26}.Debug|Any CPU.ActiveCfg = Debug|Any CPU
		{7577DBE0-DDE8-4B4C-AF70-1F14D8E24D26}.Debug|Any CPU.Build.0 = Debug|Any CPU
		{7577DBE0-DDE8-4B4C-AF70-1F14D8E24D26}.Release|Any CPU.ActiveCfg = Release|Any CPU
		{7577DBE0-DDE8-4B4C-AF70-1F14D8E24D26}.Release|Any CPU.Build.0 = Release|Any CPU
		{2713EE5D-4CBD-4A12-841A-43463CA9C816}.Debug|Any CPU.ActiveCfg = Debug|Any CPU
		{2713EE5D-4CBD-4A12-841A-43463CA9C816}.Debug|Any CPU.Build.0 = Debug|Any CPU
		{2713EE5D-4CBD-4A12-841A-43463CA9C816}.Release|Any CPU.ActiveCfg = Release|Any CPU
		{2713EE5D-4CBD-4A12-841A-43463CA9C816}.Release|Any CPU.Build.0 = Release|Any CPU
		{5AB4D1FA-355D-4629-AD89-D1C753264775}.Debug|Any CPU.ActiveCfg = Debug|Any CPU
		{5AB4D1FA-355D-4629-AD89-D1C753264775}.Debug|Any CPU.Build.0 = Debug|Any CPU
		{5AB4D1FA-355D-4629-AD89-D1C753264775}.Release|Any CPU.ActiveCfg = Release|Any CPU
		{5AB4D1FA-355D-4629-AD89-D1C753264775}.Release|Any CPU.Build.0 = Release|Any CPU
		{837233C4-84D2-46EA-B984-4EB6A9615A3F}.Debug|Any CPU.ActiveCfg = Debug|Any CPU
		{837233C4-84D2-46EA-B984-4EB6A9615A3F}.Debug|Any CPU.Build.0 = Debug|Any CPU
		{837233C4-84D2-46EA-B984-4EB6A9615A3F}.Release|Any CPU.ActiveCfg = Release|Any CPU
		{837233C4-84D2-46EA-B984-4EB6A9615A3F}.Release|Any CPU.Build.0 = Release|Any CPU
	EndGlobalSection
	GlobalSection(NestedProjects) = preSolution
		{4E404E16-E8CB-4A01-B42E-C1E624D12A49} = {A8107F9C-AC86-4467-8685-A17633E86715}
		{84C69DE1-8A83-45FD-BD8B-C749FCE8416F} = {4E404E16-E8CB-4A01-B42E-C1E624D12A49}
		{810F62CA-37EF-4914-A28E-F35D31B774E0} = {84C69DE1-8A83-45FD-BD8B-C749FCE8416F}
		{4A884B99-9489-4A26-9AD4-8C5305DA207F} = {84C69DE1-8A83-45FD-BD8B-C749FCE8416F}
		{61C11295-91C7-4F5A-8684-A0594CAE46BE} = {84C69DE1-8A83-45FD-BD8B-C749FCE8416F}
		{A4AA979C-E984-4303-9B97-5CA85CFCF601} = {A8107F9C-AC86-4467-8685-A17633E86715}
		{50BFE5CE-EE45-43C4-81CC-DF4A16CB9581} = {A4AA979C-E984-4303-9B97-5CA85CFCF601}
		{C9CDAF5D-FE5E-4E6E-8F65-7B84AFD35A6A} = {A8107F9C-AC86-4467-8685-A17633E86715}
		{EA5ECAA2-3575-48B9-A04A-9A8F0E7B113A} = {84C69DE1-8A83-45FD-BD8B-C749FCE8416F}
		{B9673B9E-1CC7-4174-B87B-34CB0761D2AE} = {C9CDAF5D-FE5E-4E6E-8F65-7B84AFD35A6A}
		{1B317249-9CBC-469A-B464-D4030FBFE071} = {B9673B9E-1CC7-4174-B87B-34CB0761D2AE}
		{E20DD84A-FBAA-40AB-A7FD-A0C1C675C86F} = {4E404E16-E8CB-4A01-B42E-C1E624D12A49}
		{0AB1EE03-7FF9-4299-A115-BC073631CB39} = {E20DD84A-FBAA-40AB-A7FD-A0C1C675C86F}
		{01D4C54A-6AA2-4EFF-AFEE-6A74CE3CF20F} = {E20DD84A-FBAA-40AB-A7FD-A0C1C675C86F}
		{E4ED2D8E-7FD8-4F7A-A5AD-2A5B91C0EDBD} = {E20DD84A-FBAA-40AB-A7FD-A0C1C675C86F}
		{370FA691-EEC0-4D69-AC48-00C89A0B0FB4} = {E20DD84A-FBAA-40AB-A7FD-A0C1C675C86F}
		{B721D24A-11BD-4F6C-AB8D-E48EA8CADEE8} = {4E404E16-E8CB-4A01-B42E-C1E624D12A49}
		{EA5DC951-A4B2-4AD0-9459-416EDE495604} = {B721D24A-11BD-4F6C-AB8D-E48EA8CADEE8}
		{B6F13DEA-05AF-4474-933F-94852DC73022} = {B721D24A-11BD-4F6C-AB8D-E48EA8CADEE8}
		{A6CF42C5-6779-4340-8E8A-F53BCA335CD5} = {B721D24A-11BD-4F6C-AB8D-E48EA8CADEE8}
		{53355005-5FDD-41D1-A03B-E017BA92FA03} = {B721D24A-11BD-4F6C-AB8D-E48EA8CADEE8}
		{120AE240-EF32-48EF-B8A9-2B7B2257E0BC} = {4E404E16-E8CB-4A01-B42E-C1E624D12A49}
		{2B6B6A1B-0801-455E-AB90-F03B83157A53} = {120AE240-EF32-48EF-B8A9-2B7B2257E0BC}
		{5475DB62-04D8-43A4-921A-597343CC75E4} = {120AE240-EF32-48EF-B8A9-2B7B2257E0BC}
		{91129C2A-93E9-45BA-88EC-77017EC13B1B} = {120AE240-EF32-48EF-B8A9-2B7B2257E0BC}
		{406BB6BD-EEC8-4C78-AEF4-BAF2B63C783E} = {120AE240-EF32-48EF-B8A9-2B7B2257E0BC}
		{ADF2789E-DE10-4F06-9972-B368A1F91740} = {4E404E16-E8CB-4A01-B42E-C1E624D12A49}
		{E94F7AF6-4BD6-403E-A3D2-F33D34FA3FD9} = {ADF2789E-DE10-4F06-9972-B368A1F91740}
		{2AAE1478-D3F3-4D1A-83C1-233627A03B26} = {4E404E16-E8CB-4A01-B42E-C1E624D12A49}
		{9FB5BCBE-4004-45BA-9D72-A53DCA809270} = {2AAE1478-D3F3-4D1A-83C1-233627A03B26}
		{87541A7F-539D-4D68-A110-FD374D8F51EC} = {2AAE1478-D3F3-4D1A-83C1-233627A03B26}
		{2503A635-AF2D-4276-8539-54001F4845EB} = {2AAE1478-D3F3-4D1A-83C1-233627A03B26}
		{98A8CC0D-AEE6-4353-BFEE-66DC62A88B49} = {2AAE1478-D3F3-4D1A-83C1-233627A03B26}
		{4C07C79B-737E-4A1C-B607-91EF13046849} = {ADF2789E-DE10-4F06-9972-B368A1F91740}
		{C5C39157-DE77-47CA-8BFC-EAFB37242974} = {ADF2789E-DE10-4F06-9972-B368A1F91740}
		{B9DE519E-2313-4552-B9E2-209311AF56DB} = {ADF2789E-DE10-4F06-9972-B368A1F91740}
		{E5A5B5A4-2BC9-4D77-AD64-4B5A5871E192} = {4E404E16-E8CB-4A01-B42E-C1E624D12A49}
		{7577DBE0-DDE8-4B4C-AF70-1F14D8E24D26} = {E5A5B5A4-2BC9-4D77-AD64-4B5A5871E192}
		{2713EE5D-4CBD-4A12-841A-43463CA9C816} = {E5A5B5A4-2BC9-4D77-AD64-4B5A5871E192}
		{5AB4D1FA-355D-4629-AD89-D1C753264775} = {E5A5B5A4-2BC9-4D77-AD64-4B5A5871E192}
		{837233C4-84D2-46EA-B984-4EB6A9615A3F} = {E5A5B5A4-2BC9-4D77-AD64-4B5A5871E192}
	EndGlobalSection
EndGlobal
