
Microsoft Visual Studio Solution File, Format Version 12.00
# Visual Studio Version 16
VisualStudioVersion = 16.0.30114.105
MinimumVisualStudioVersion = 10.0.40219.1
Project("{2150E333-8FDC-42A3-9474-1A3956D46DE8}") = "src", "src", "{A8107F9C-AC86-4467-8685-A17633E86715}"
EndProject
Project("{2150E333-8FDC-42A3-9474-1A3956D46DE8}") = "Services", "Services", "{4E404E16-E8CB-4A01-B42E-C1E624D12A49}"
EndProject
Project("{2150E333-8FDC-42A3-9474-1A3956D46DE8}") = "Account", "Account", "{84C69DE1-8A83-45FD-BD8B-C749FCE8416F}"
EndProject
Project("{FAE04EC0-301F-11D3-BF4B-00C04F79EFBC}") = "WebAPI", "src\Services\Account\WebAPI\WebAPI.csproj", "{F9F1967E-1379-491D-A0C7-C30FDA04E0B0}"
EndProject
Project("{FAE04EC0-301F-11D3-BF4B-00C04F79EFBC}") = "WorkerService", "src\Services\Account\WorkerService\WorkerService.csproj", "{810F62CA-37EF-4914-A28E-F35D31B774E0}"
EndProject
Project("{FAE04EC0-301F-11D3-BF4B-00C04F79EFBC}") = "Infrastructure", "src\Services\Account\Infrastructure\Infrastructure.csproj", "{4A884B99-9489-4A26-9AD4-8C5305DA207F}"
EndProject
Project("{FAE04EC0-301F-11D3-BF4B-00C04F79EFBC}") = "Domain", "src\Services\Account\Domain\Domain.csproj", "{61C11295-91C7-4F5A-8684-A0594CAE46BE}"
EndProject
Project("{2150E333-8FDC-42A3-9474-1A3956D46DE8}") = "Contracts", "Contracts", "{A4AA979C-E984-4303-9B97-5CA85CFCF601}"
EndProject
Project("{FAE04EC0-301F-11D3-BF4B-00C04F79EFBC}") = "Messages", "src\Contracts\Messages\Messages.csproj", "{50BFE5CE-EE45-43C4-81CC-DF4A16CB9581}"
EndProject
Project("{2150E333-8FDC-42A3-9474-1A3956D46DE8}") = "Web", "Web", "{C9CDAF5D-FE5E-4E6E-8F65-7B84AFD35A6A}"
EndProject
Project("{FAE04EC0-301F-11D3-BF4B-00C04F79EFBC}") = "Application", "src\Services\Account\Application\Application.csproj", "{EA5ECAA2-3575-48B9-A04A-9A8F0E7B113A}"
EndProject
Project("{2150E333-8FDC-42A3-9474-1A3956D46DE8}") = "WebAPI", "WebAPI", "{B9673B9E-1CC7-4174-B87B-34CB0761D2AE}"
EndProject
Project("{FAE04EC0-301F-11D3-BF4B-00C04F79EFBC}") = "ECommerce.WebAPI", "src\Web\WebAPI\ECommerce.WebAPI\ECommerce.WebAPI.csproj", "{1B317249-9CBC-469A-B464-D4030FBFE071}"
EndProject
Global
	GlobalSection(SolutionConfigurationPlatforms) = preSolution
		Debug|Any CPU = Debug|Any CPU
		Release|Any CPU = Release|Any CPU
	EndGlobalSection
	GlobalSection(SolutionProperties) = preSolution
		HideSolutionNode = FALSE
	EndGlobalSection
	GlobalSection(ProjectConfigurationPlatforms) = postSolution
		{F9F1967E-1379-491D-A0C7-C30FDA04E0B0}.Debug|Any CPU.ActiveCfg = Debug|Any CPU
		{F9F1967E-1379-491D-A0C7-C30FDA04E0B0}.Debug|Any CPU.Build.0 = Debug|Any CPU
		{F9F1967E-1379-491D-A0C7-C30FDA04E0B0}.Release|Any CPU.ActiveCfg = Release|Any CPU
		{F9F1967E-1379-491D-A0C7-C30FDA04E0B0}.Release|Any CPU.Build.0 = Release|Any CPU
		{810F62CA-37EF-4914-A28E-F35D31B774E0}.Debug|Any CPU.ActiveCfg = Debug|Any CPU
		{810F62CA-37EF-4914-A28E-F35D31B774E0}.Debug|Any CPU.Build.0 = Debug|Any CPU
		{810F62CA-37EF-4914-A28E-F35D31B774E0}.Release|Any CPU.ActiveCfg = Release|Any CPU
		{810F62CA-37EF-4914-A28E-F35D31B774E0}.Release|Any CPU.Build.0 = Release|Any CPU
		{4A884B99-9489-4A26-9AD4-8C5305DA207F}.Debug|Any CPU.ActiveCfg = Debug|Any CPU
		{4A884B99-9489-4A26-9AD4-8C5305DA207F}.Debug|Any CPU.Build.0 = Debug|Any CPU
		{4A884B99-9489-4A26-9AD4-8C5305DA207F}.Release|Any CPU.ActiveCfg = Release|Any CPU
		{4A884B99-9489-4A26-9AD4-8C5305DA207F}.Release|Any CPU.Build.0 = Release|Any CPU
		{61C11295-91C7-4F5A-8684-A0594CAE46BE}.Debug|Any CPU.ActiveCfg = Debug|Any CPU
		{61C11295-91C7-4F5A-8684-A0594CAE46BE}.Debug|Any CPU.Build.0 = Debug|Any CPU
		{61C11295-91C7-4F5A-8684-A0594CAE46BE}.Release|Any CPU.ActiveCfg = Release|Any CPU
		{61C11295-91C7-4F5A-8684-A0594CAE46BE}.Release|Any CPU.Build.0 = Release|Any CPU
		{50BFE5CE-EE45-43C4-81CC-DF4A16CB9581}.Debug|Any CPU.ActiveCfg = Debug|Any CPU
		{50BFE5CE-EE45-43C4-81CC-DF4A16CB9581}.Debug|Any CPU.Build.0 = Debug|Any CPU
		{50BFE5CE-EE45-43C4-81CC-DF4A16CB9581}.Release|Any CPU.ActiveCfg = Release|Any CPU
		{50BFE5CE-EE45-43C4-81CC-DF4A16CB9581}.Release|Any CPU.Build.0 = Release|Any CPU
		{EA5ECAA2-3575-48B9-A04A-9A8F0E7B113A}.Debug|Any CPU.ActiveCfg = Debug|Any CPU
		{EA5ECAA2-3575-48B9-A04A-9A8F0E7B113A}.Debug|Any CPU.Build.0 = Debug|Any CPU
		{EA5ECAA2-3575-48B9-A04A-9A8F0E7B113A}.Release|Any CPU.ActiveCfg = Release|Any CPU
		{EA5ECAA2-3575-48B9-A04A-9A8F0E7B113A}.Release|Any CPU.Build.0 = Release|Any CPU
		{1B317249-9CBC-469A-B464-D4030FBFE071}.Debug|Any CPU.ActiveCfg = Debug|Any CPU
		{1B317249-9CBC-469A-B464-D4030FBFE071}.Debug|Any CPU.Build.0 = Debug|Any CPU
		{1B317249-9CBC-469A-B464-D4030FBFE071}.Release|Any CPU.ActiveCfg = Release|Any CPU
		{1B317249-9CBC-469A-B464-D4030FBFE071}.Release|Any CPU.Build.0 = Release|Any CPU
	EndGlobalSection
	GlobalSection(NestedProjects) = preSolution
		{4E404E16-E8CB-4A01-B42E-C1E624D12A49} = {A8107F9C-AC86-4467-8685-A17633E86715}
		{84C69DE1-8A83-45FD-BD8B-C749FCE8416F} = {4E404E16-E8CB-4A01-B42E-C1E624D12A49}
		{F9F1967E-1379-491D-A0C7-C30FDA04E0B0} = {84C69DE1-8A83-45FD-BD8B-C749FCE8416F}
		{810F62CA-37EF-4914-A28E-F35D31B774E0} = {84C69DE1-8A83-45FD-BD8B-C749FCE8416F}
		{4A884B99-9489-4A26-9AD4-8C5305DA207F} = {84C69DE1-8A83-45FD-BD8B-C749FCE8416F}
		{61C11295-91C7-4F5A-8684-A0594CAE46BE} = {84C69DE1-8A83-45FD-BD8B-C749FCE8416F}
		{A4AA979C-E984-4303-9B97-5CA85CFCF601} = {A8107F9C-AC86-4467-8685-A17633E86715}
		{50BFE5CE-EE45-43C4-81CC-DF4A16CB9581} = {A4AA979C-E984-4303-9B97-5CA85CFCF601}
		{C9CDAF5D-FE5E-4E6E-8F65-7B84AFD35A6A} = {A8107F9C-AC86-4467-8685-A17633E86715}
		{EA5ECAA2-3575-48B9-A04A-9A8F0E7B113A} = {84C69DE1-8A83-45FD-BD8B-C749FCE8416F}
		{B9673B9E-1CC7-4174-B87B-34CB0761D2AE} = {C9CDAF5D-FE5E-4E6E-8F65-7B84AFD35A6A}
		{1B317249-9CBC-469A-B464-D4030FBFE071} = {B9673B9E-1CC7-4174-B87B-34CB0761D2AE}
	EndGlobalSection
EndGlobal
