
Microsoft Visual Studio Solution File, Format Version 12.00
# Visual Studio Version 16
VisualStudioVersion = 16.0.30114.105
MinimumVisualStudioVersion = 10.0.40219.1
Project("{2150E333-8FDC-42A3-9474-1A3956D46DE8}") = "src", "src", "{A8107F9C-AC86-4467-8685-A17633E86715}"
EndProject
Project("{2150E333-8FDC-42A3-9474-1A3956D46DE8}") = "Services", "Services", "{4E404E16-E8CB-4A01-B42E-C1E624D12A49}"
EndProject
Project("{2150E333-8FDC-42A3-9474-1A3956D46DE8}") = "Account", "Account", "{84C69DE1-8A83-45FD-BD8B-C749FCE8416F}"
EndProject
Project("{2150E333-8FDC-42A3-9474-1A3956D46DE8}") = "Web", "Web", "{C9CDAF5D-FE5E-4E6E-8F65-7B84AFD35A6A}"
EndProject
Project("{2150E333-8FDC-42A3-9474-1A3956D46DE8}") = "ShoppingCart", "ShoppingCart", "{E20DD84A-FBAA-40AB-A7FD-A0C1C675C86F}"
EndProject
Project("{2150E333-8FDC-42A3-9474-1A3956D46DE8}") = "Catalog", "Catalog", "{B721D24A-11BD-4F6C-AB8D-E48EA8CADEE8}"
EndProject
Project("{2150E333-8FDC-42A3-9474-1A3956D46DE8}") = "Identity", "Identity", "{120AE240-EF32-48EF-B8A9-2B7B2257E0BC}"
EndProject
Project("{2150E333-8FDC-42A3-9474-1A3956D46DE8}") = "Payment", "Payment", "{ADF2789E-DE10-4F06-9972-B368A1F91740}"
EndProject
Project("{2150E333-8FDC-42A3-9474-1A3956D46DE8}") = "Order", "Order", "{2AAE1478-D3F3-4D1A-83C1-233627A03B26}"
EndProject
Project("{2150E333-8FDC-42A3-9474-1A3956D46DE8}") = "Warehouse", "Warehouse", "{E5A5B5A4-2BC9-4D77-AD64-4B5A5871E192}"
EndProject
Project("{2150E333-8FDC-42A3-9474-1A3956D46DE8}") = "test", "test", "{B54AAF8D-979C-47B6-B5B5-35B223930872}"
EndProject
Project("{2150E333-8FDC-42A3-9474-1A3956D46DE8}") = "Web", "Web", "{3D7CD27A-37AC-4AFC-AB97-7F50A9901871}"
EndProject
Project("{2150E333-8FDC-42A3-9474-1A3956D46DE8}") = "WebAPI", "WebAPI", "{F43994BC-FD64-4DF7-B939-C047667823DE}"
EndProject
Project("{FAE04EC0-301F-11D3-BF4B-00C04F79EFBC}") = "ECommerce.WebAPI.IntegrationTests", "test\Web\WebAPI\ECommerce.WebAPI.IntegrationTests\ECommerce.WebAPI.IntegrationTests.csproj", "{E65CB304-8C0C-4ED1-8BE7-29AA6B7F07CC}"
EndProject
Project("{FAE04EC0-301F-11D3-BF4B-00C04F79EFBC}") = "WebAPI", "src\Web\WebAPI\WebAPI.csproj", "{229B1D6B-BA8D-428B-8C8F-FE995E0AA489}"
EndProject
Project("{FAE04EC0-301F-11D3-BF4B-00C04F79EFBC}") = "WebAPP", "src\Web\WebAPP\WebAPP.csproj", "{DE79ECD2-2C45-4439-A150-50BC8FBC2F87}"
EndProject
Project("{FAE04EC0-301F-11D3-BF4B-00C04F79EFBC}") = "Contracts", "src\Contracts\Contracts.csproj", "{3454D135-EC2F-4BF4-8C08-DA01804ED0E2}"
EndProject
Project("{2150E333-8FDC-42A3-9474-1A3956D46DE8}") = "Command", "Command", "{168698C8-1497-48A1-98B0-DAB157D5250E}"
EndProject
Project("{2150E333-8FDC-42A3-9474-1A3956D46DE8}") = "Query", "Query", "{85BCE38C-1558-40E2-A4B8-580FD4505D07}"
EndProject
Project("{FAE04EC0-301F-11D3-BF4B-00C04F79EFBC}") = "Application", "src\Services\Identity\Command\Application\Application.csproj", "{60123C73-2030-4524-8D95-1509D0F8C4DB}"
EndProject
Project("{FAE04EC0-301F-11D3-BF4B-00C04F79EFBC}") = "Infrastructure.EventStore", "src\Services\Identity\Command\Infrastructure.EventStore\Infrastructure.EventStore.csproj", "{1B2564E5-DE0D-4B8D-A692-978419E75CD3}"
EndProject
Project("{FAE04EC0-301F-11D3-BF4B-00C04F79EFBC}") = "WorkerService", "src\Services\Identity\Command\WorkerService\WorkerService.csproj", "{CED823CE-0F35-4801-B527-BF33F7B30D3C}"
EndProject
Project("{FAE04EC0-301F-11D3-BF4B-00C04F79EFBC}") = "Domain", "src\Services\Identity\Command\Domain\Domain.csproj", "{8594E12F-7A94-4AEE-AF39-AF2B8A2388A0}"
EndProject
Project("{FAE04EC0-301F-11D3-BF4B-00C04F79EFBC}") = "GrpcService", "src\Services\Identity\Query\GrpcService\GrpcService.csproj", "{48A6E234-2789-4955-A319-F2A0B9A70414}"
EndProject
Project("{FAE04EC0-301F-11D3-BF4B-00C04F79EFBC}") = "Infrastructure.Authentication", "src\Services\Identity\Query\Infrastructure.Authentication\Infrastructure.Authentication.csproj", "{D23E7642-BDD9-4B08-B275-5477FF699007}"
EndProject
Project("{FAE04EC0-301F-11D3-BF4B-00C04F79EFBC}") = "Infrastructure.Projections", "src\Services\Identity\Query\Infrastructure.Projections\Infrastructure.Projections.csproj", "{31CF2B68-25D6-4297-A096-A4ADE022B935}"
EndProject
Project("{FAE04EC0-301F-11D3-BF4B-00C04F79EFBC}") = "Application", "src\Services\Identity\Query\Application\Application.csproj", "{4EF1866F-BB93-465C-B721-6CF35970E6DB}"
EndProject
Project("{FAE04EC0-301F-11D3-BF4B-00C04F79EFBC}") = "Infrastructure.MessageBus", "src\Services\Identity\Command\Infrastructure.MessageBus\Infrastructure.MessageBus.csproj", "{DBFCE440-70FC-4486-B8D3-30EBD99AB3BD}"
EndProject
Project("{2150E333-8FDC-42A3-9474-1A3956D46DE8}") = "Communication", "Communication", "{1AB6524D-1F2A-4BE1-BC48-DA1B107A7A50}"
EndProject
Project("{2150E333-8FDC-42A3-9474-1A3956D46DE8}") = "Command", "Command", "{E62C6B98-B9BF-42EA-A0D1-2CE6255095C7}"
EndProject
Project("{FAE04EC0-301F-11D3-BF4B-00C04F79EFBC}") = "Application", "src\Services\Communication\Command\Application\Application.csproj", "{6A3E02DE-93E1-4FB2-8053-2B2AB09F63B0}"
EndProject
Project("{FAE04EC0-301F-11D3-BF4B-00C04F79EFBC}") = "Domain", "src\Services\Communication\Command\Domain\Domain.csproj", "{92B96D84-E2E3-4FED-8BAD-607B819E6017}"
EndProject
Project("{FAE04EC0-301F-11D3-BF4B-00C04F79EFBC}") = "Infrastructure.EventStore", "src\Services\Communication\Command\Infrastructure.EventStore\Infrastructure.EventStore.csproj", "{FFC24FB6-1ED5-49D0-8D11-63C5CCAFA801}"
EndProject
Project("{FAE04EC0-301F-11D3-BF4B-00C04F79EFBC}") = "Infrastructure.MessageBus", "src\Services\Communication\Command\Infrastructure.MessageBus\Infrastructure.MessageBus.csproj", "{F878F7F9-1571-49DE-8F10-A0494259D470}"
EndProject
Project("{FAE04EC0-301F-11D3-BF4B-00C04F79EFBC}") = "WorkerService", "src\Services\Communication\Command\WorkerService\WorkerService.csproj", "{D3586EB5-1909-43DC-9D59-CA2E52DBE95C}"
EndProject
Project("{FAE04EC0-301F-11D3-BF4B-00C04F79EFBC}") = "Infrastructure.SMTP", "src\Services\Communication\Command\Infrastructure.SMTP\Infrastructure.SMTP.csproj", "{22021471-4C50-41A9-AF00-EE55414F122B}"
EndProject
Project("{2150E333-8FDC-42A3-9474-1A3956D46DE8}") = "Services", "Services", "{454DAFF5-FDF4-4B28-8F43-BDD881093BA3}"
EndProject
Project("{2150E333-8FDC-42A3-9474-1A3956D46DE8}") = "ShoppingCart", "ShoppingCart", "{1D708AEE-2C8C-47FF-B937-B28716510488}"
EndProject
Project("{FAE04EC0-301F-11D3-BF4B-00C04F79EFBC}") = "ShoppingCartTests", "test\ShoppingCartTests\ShoppingCartTests.csproj", "{9B50D648-CC08-4FDB-805B-7B048EE55AFF}"
EndProject
Project("{2150E333-8FDC-42A3-9474-1A3956D46DE8}") = "Command", "Command", "{4BF940D9-CC56-4B57-ADE3-C1A5C28BB0DD}"
EndProject
Project("{2150E333-8FDC-42A3-9474-1A3956D46DE8}") = "Query", "Query", "{6F2FDC08-DEDB-4273-8076-6FB6DA7511C6}"
EndProject
Project("{FAE04EC0-301F-11D3-BF4B-00C04F79EFBC}") = "Application", "src\Services\Account\Command\Application\Application.csproj", "{FF2D01FE-54FE-4017-AD22-D3F7C903CC32}"
EndProject
Project("{FAE04EC0-301F-11D3-BF4B-00C04F79EFBC}") = "Domain", "src\Services\Account\Command\Domain\Domain.csproj", "{B85BD40C-98DD-4E88-9DD7-6989E05A4C87}"
EndProject
Project("{FAE04EC0-301F-11D3-BF4B-00C04F79EFBC}") = "Application", "src\Services\Account\Query\Application\Application.csproj", "{2F50F9D3-6BE3-4EE2-9D66-E5C10A6B404C}"
EndProject
Project("{FAE04EC0-301F-11D3-BF4B-00C04F79EFBC}") = "GrpcService", "src\Services\Account\Query\GrpcService\GrpcService.csproj", "{2C34D768-992D-47E1-8738-BAE5D77D2F57}"
EndProject
Project("{FAE04EC0-301F-11D3-BF4B-00C04F79EFBC}") = "Infrastructure.EventBus", "src\Services\Account\Query\Infrastructure.EventBus\Infrastructure.EventBus.csproj", "{79953D9C-1175-4A98-87A9-FAF35EC2C9E3}"
EndProject
Project("{FAE04EC0-301F-11D3-BF4B-00C04F79EFBC}") = "Infrastructure.Projections", "src\Services\Account\Query\Infrastructure.Projections\Infrastructure.Projections.csproj", "{6096FB68-664E-42ED-A34F-D2C486B493B6}"
EndProject
Project("{FAE04EC0-301F-11D3-BF4B-00C04F79EFBC}") = "WorkerService", "src\Services\Account\Command\WorkerService\WorkerService.csproj", "{FC499A86-54E6-4645-A9B0-B3E04078A57A}"
EndProject
Project("{FAE04EC0-301F-11D3-BF4B-00C04F79EFBC}") = "Infrastructure.EventStore", "src\Services\Account\Command\Infrastructure.EventStore\Infrastructure.EventStore.csproj", "{B5085BB2-0639-493C-9778-A2BC531B7B57}"
EndProject
Project("{FAE04EC0-301F-11D3-BF4B-00C04F79EFBC}") = "Infrastructure.MessageBus", "src\Services\Account\Command\Infrastructure.MessageBus\Infrastructure.MessageBus.csproj", "{A870AAA9-D01D-46A7-B5F4-997D248AD867}"
EndProject
Project("{FAE04EC0-301F-11D3-BF4B-00C04F79EFBC}") = "Infrastructure.EventBus", "src\Services\Identity\Query\Infrastructure.EventBus\Infrastructure.EventBus.csproj", "{BB30A256-761A-403B-8FDC-C8E23F0A7880}"
EndProject
Project("{2150E333-8FDC-42A3-9474-1A3956D46DE8}") = "Query", "Query", "{1C2B38EF-18BB-43BB-B2B1-6FC2DC6939C7}"
EndProject
Project("{FAE04EC0-301F-11D3-BF4B-00C04F79EFBC}") = "Application", "src\Services\Communication\Query\Application\Application.csproj", "{C8431CC5-1B45-4CC6-9A98-C88CC4DEA759}"
EndProject
Project("{FAE04EC0-301F-11D3-BF4B-00C04F79EFBC}") = "GrpcService", "src\Services\Communication\Query\GrpcService\GrpcService.csproj", "{98D9D872-4701-4C60-B591-4EF7CC9363A8}"
EndProject
Project("{FAE04EC0-301F-11D3-BF4B-00C04F79EFBC}") = "Infrastructure.EventBus", "src\Services\Communication\Query\Infrastructure.EventBus\Infrastructure.EventBus.csproj", "{3539E140-2E1D-4E5F-8308-1886A9473227}"
EndProject
Project("{FAE04EC0-301F-11D3-BF4B-00C04F79EFBC}") = "Infrastructure.Projections", "src\Services\Communication\Query\Infrastructure.Projections\Infrastructure.Projections.csproj", "{31FA13DD-C300-490D-A85B-A27D2339E10E}"
EndProject
Project("{2150E333-8FDC-42A3-9474-1A3956D46DE8}") = "Command", "Command", "{DDC92815-57AA-41D3-B6BF-1A06965E1328}"
EndProject
Project("{2150E333-8FDC-42A3-9474-1A3956D46DE8}") = "Query", "Query", "{7AD73A74-B367-4042-BD20-8989A0DFCDB9}"
EndProject
Project("{FAE04EC0-301F-11D3-BF4B-00C04F79EFBC}") = "Application", "src\Services\Order\Command\Application\Application.csproj", "{14449AB1-EF9A-4590-B451-75808A960C81}"
EndProject
Project("{FAE04EC0-301F-11D3-BF4B-00C04F79EFBC}") = "Domain", "src\Services\Order\Command\Domain\Domain.csproj", "{B3CB6078-46BC-4B05-855C-85F3BA7FE6C5}"
EndProject
Project("{FAE04EC0-301F-11D3-BF4B-00C04F79EFBC}") = "Infrastructure.EventStore", "src\Services\Order\Command\Infrastructure.EventStore\Infrastructure.EventStore.csproj", "{67834CC3-BE2F-43AF-8CB3-9EF7451B814D}"
EndProject
Project("{FAE04EC0-301F-11D3-BF4B-00C04F79EFBC}") = "Infrastructure.MessageBus", "src\Services\Order\Command\Infrastructure.MessageBus\Infrastructure.MessageBus.csproj", "{4751DA1C-CDB9-4B91-BCF7-570B1E5EE369}"
EndProject
Project("{FAE04EC0-301F-11D3-BF4B-00C04F79EFBC}") = "WorkerService", "src\Services\Order\Command\WorkerService\WorkerService.csproj", "{69C7418C-C879-489A-83D8-D974E1B4A642}"
EndProject
Project("{FAE04EC0-301F-11D3-BF4B-00C04F79EFBC}") = "Application", "src\Services\Order\Query\Application\Application.csproj", "{2B941E14-9A38-4095-806E-3A547E96FC7F}"
EndProject
Project("{FAE04EC0-301F-11D3-BF4B-00C04F79EFBC}") = "GrpcService", "src\Services\Order\Query\GrpcService\GrpcService.csproj", "{210A27B7-C695-43DF-AFC4-D60818DC9128}"
EndProject
Project("{FAE04EC0-301F-11D3-BF4B-00C04F79EFBC}") = "Infrastructure.EventBus", "src\Services\Order\Query\Infrastructure.EventBus\Infrastructure.EventBus.csproj", "{7D192FEE-32C3-4F14-9DD8-5E39443D2512}"
EndProject
Project("{FAE04EC0-301F-11D3-BF4B-00C04F79EFBC}") = "Infrastructure.Projections", "src\Services\Order\Query\Infrastructure.Projections\Infrastructure.Projections.csproj", "{FCEBBDE7-A580-4C5F-AC34-4247376AF694}"
EndProject
Project("{2150E333-8FDC-42A3-9474-1A3956D46DE8}") = "Command", "Command", "{68B88404-88E8-4CF4-B1D6-69AA2AAD67A2}"
EndProject
Project("{2150E333-8FDC-42A3-9474-1A3956D46DE8}") = "Query", "Query", "{7F1B59D0-60F6-41B7-8F13-2B8BBAA6A7A7}"
EndProject
Project("{FAE04EC0-301F-11D3-BF4B-00C04F79EFBC}") = "Domain", "src\Services\Catalog\Command\Domain\Domain.csproj", "{8ED1E205-C539-4A79-A17C-C118E88AFEF1}"
EndProject
Project("{FAE04EC0-301F-11D3-BF4B-00C04F79EFBC}") = "Application", "src\Services\Catalog\Command\Application\Application.csproj", "{92EDE7E1-91AB-43ED-8E87-78C38B1BBECC}"
EndProject
Project("{FAE04EC0-301F-11D3-BF4B-00C04F79EFBC}") = "Infrastructure.MessageBus", "src\Services\Catalog\Command\Infrastructure.MessageBus\Infrastructure.MessageBus.csproj", "{71DCB590-74BB-4FF7-A377-02609C4D9424}"
EndProject
Project("{FAE04EC0-301F-11D3-BF4B-00C04F79EFBC}") = "WorkerService", "src\Services\Catalog\Command\WorkerService\WorkerService.csproj", "{46942763-0251-4429-AB2D-F44AA4B2C996}"
EndProject
Project("{FAE04EC0-301F-11D3-BF4B-00C04F79EFBC}") = "Infrastructure.EventStore", "src\Services\Catalog\Command\Infrastructure.EventStore\Infrastructure.EventStore.csproj", "{23DA26C9-2F89-48ED-BAD8-E3CA362D1738}"
EndProject
Project("{FAE04EC0-301F-11D3-BF4B-00C04F79EFBC}") = "GrpcService", "src\Services\Catalog\Query\GrpcService\GrpcService.csproj", "{E7B0328D-BE0C-4F54-9442-4123EDB34490}"
EndProject
Project("{FAE04EC0-301F-11D3-BF4B-00C04F79EFBC}") = "Application", "src\Services\Catalog\Query\Application\Application.csproj", "{52FE9297-629C-4944-ACEB-391BC9CF1CD7}"
EndProject
Project("{FAE04EC0-301F-11D3-BF4B-00C04F79EFBC}") = "Infrastructure.EventBus", "src\Services\Catalog\Query\Infrastructure.EventBus\Infrastructure.EventBus.csproj", "{868EAF3A-F004-448C-8E50-99FBF1E384DA}"
EndProject
Project("{FAE04EC0-301F-11D3-BF4B-00C04F79EFBC}") = "Infrastructure.Projections", "src\Services\Catalog\Query\Infrastructure.Projections\Infrastructure.Projections.csproj", "{DD55E4AB-5DD1-44D8-A631-6DE0A6661704}"
EndProject
Project("{2150E333-8FDC-42A3-9474-1A3956D46DE8}") = "Command", "Command", "{EA5617C8-E984-45B8-B9F9-2EED01B886CD}"
EndProject
Project("{2150E333-8FDC-42A3-9474-1A3956D46DE8}") = "Query", "Query", "{4993BFBA-D8BF-4876-8867-73CC1E066E91}"
EndProject
Project("{FAE04EC0-301F-11D3-BF4B-00C04F79EFBC}") = "Application", "src\Services\Warehouse\Command\Application\Application.csproj", "{4AF47225-3F43-42EE-A7D6-DB4175FC49CB}"
EndProject
Project("{FAE04EC0-301F-11D3-BF4B-00C04F79EFBC}") = "Domain", "src\Services\Warehouse\Command\Domain\Domain.csproj", "{E08DDADD-3EBF-49EA-BFF2-0D058F37F556}"
EndProject
Project("{FAE04EC0-301F-11D3-BF4B-00C04F79EFBC}") = "Infrastructure.EventStore", "src\Services\Warehouse\Command\Infrastructure.EventStore\Infrastructure.EventStore.csproj", "{2BCCCF8F-C7AD-471A-84D4-6F75B53896EB}"
EndProject
Project("{FAE04EC0-301F-11D3-BF4B-00C04F79EFBC}") = "WorkerService", "src\Services\Warehouse\Command\WorkerService\WorkerService.csproj", "{C2BB298D-6778-480A-942D-28C611C74494}"
EndProject
Project("{FAE04EC0-301F-11D3-BF4B-00C04F79EFBC}") = "Infrastructure.MessageBus", "src\Services\Warehouse\Command\Infrastructure.MessageBus\Infrastructure.MessageBus.csproj", "{68DB7019-A2D9-4429-8809-CD02A6E13631}"
EndProject
Project("{FAE04EC0-301F-11D3-BF4B-00C04F79EFBC}") = "Application", "src\Services\Warehouse\Query\Application\Application.csproj", "{2FD5B4D8-81DA-4A90-B4CB-DB6529FD010B}"
EndProject
Project("{FAE04EC0-301F-11D3-BF4B-00C04F79EFBC}") = "GrpcService", "src\Services\Warehouse\Query\GrpcService\GrpcService.csproj", "{542FC5DC-844C-404D-B5E8-4991028E3EAE}"
EndProject
Project("{FAE04EC0-301F-11D3-BF4B-00C04F79EFBC}") = "Infrastructure.EventBus", "src\Services\Warehouse\Query\Infrastructure.EventBus\Infrastructure.EventBus.csproj", "{15CBAAC1-55CE-4FB5-8BE3-B7D307504E44}"
EndProject
Project("{FAE04EC0-301F-11D3-BF4B-00C04F79EFBC}") = "Infrastructure.Projections", "src\Services\Warehouse\Query\Infrastructure.Projections\Infrastructure.Projections.csproj", "{76AD466B-B334-418E-AC47-96A5011898E9}"
EndProject
Project("{2150E333-8FDC-42A3-9474-1A3956D46DE8}") = "Command", "Command", "{31A67267-4457-4019-B39F-793F012BFBDA}"
EndProject
Project("{2150E333-8FDC-42A3-9474-1A3956D46DE8}") = "Query", "Query", "{21D466B7-070C-485D-B293-CFD75BE3D5F2}"
EndProject
Project("{FAE04EC0-301F-11D3-BF4B-00C04F79EFBC}") = "Application", "src\Services\ShoppingCart\Command\Application\Application.csproj", "{0C533076-FE43-497B-9E34-437F7A983E31}"
EndProject
Project("{FAE04EC0-301F-11D3-BF4B-00C04F79EFBC}") = "Domain", "src\Services\ShoppingCart\Command\Domain\Domain.csproj", "{C1AE2738-0730-45CC-9152-36F4C3C79F5E}"
EndProject
Project("{FAE04EC0-301F-11D3-BF4B-00C04F79EFBC}") = "Infrastructure.EventStore", "src\Services\ShoppingCart\Command\Infrastructure.EventStore\Infrastructure.EventStore.csproj", "{1DD5B72D-16DF-4A1A-BE24-6FE864E83F42}"
EndProject
Project("{FAE04EC0-301F-11D3-BF4B-00C04F79EFBC}") = "Infrastructure.MessageBus", "src\Services\ShoppingCart\Command\Infrastructure.MessageBus\Infrastructure.MessageBus.csproj", "{455F5FC3-FA2F-41A8-8FB8-92FF20D8AE35}"
EndProject
Project("{FAE04EC0-301F-11D3-BF4B-00C04F79EFBC}") = "WorkerService", "src\Services\ShoppingCart\Command\WorkerService\WorkerService.csproj", "{31339833-564C-460E-BABD-C548652DD957}"
EndProject
Project("{FAE04EC0-301F-11D3-BF4B-00C04F79EFBC}") = "Application", "src\Services\ShoppingCart\Query\Application\Application.csproj", "{D611312D-8088-4317-95CD-164371310297}"
EndProject
Project("{FAE04EC0-301F-11D3-BF4B-00C04F79EFBC}") = "GrpcService", "src\Services\ShoppingCart\Query\GrpcService\GrpcService.csproj", "{9B081096-01D2-4B7E-983C-A035A41248A4}"
EndProject
Project("{FAE04EC0-301F-11D3-BF4B-00C04F79EFBC}") = "Infrastructure.EventBus", "src\Services\ShoppingCart\Query\Infrastructure.EventBus\Infrastructure.EventBus.csproj", "{612D3A64-0164-4DBF-B871-810C0B846FA6}"
EndProject
Project("{FAE04EC0-301F-11D3-BF4B-00C04F79EFBC}") = "Infrastructure.Projections", "src\Services\ShoppingCart\Query\Infrastructure.Projections\Infrastructure.Projections.csproj", "{6DD3E097-1F45-43C1-ACD7-BE5DE1B8CC2A}"
EndProject
Project("{2150E333-8FDC-42A3-9474-1A3956D46DE8}") = "Command", "Command", "{DEB5F59C-62CA-490B-96AF-23026EDB565A}"
EndProject
Project("{2150E333-8FDC-42A3-9474-1A3956D46DE8}") = "Query", "Query", "{E6C3F87B-F8BC-420B-93D2-79142AEAD909}"
EndProject
Project("{FAE04EC0-301F-11D3-BF4B-00C04F79EFBC}") = "WorkerService", "src\Services\Payment\Command\WorkerService\WorkerService.csproj", "{966C44F3-5E51-463B-BCF0-415402AFEE31}"
EndProject
Project("{FAE04EC0-301F-11D3-BF4B-00C04F79EFBC}") = "Infrastructure.MessageBus", "src\Services\Payment\Command\Infrastructure.MessageBus\Infrastructure.MessageBus.csproj", "{43559C11-9BBA-47DD-BB35-65D4E4DB05BA}"
EndProject
Project("{FAE04EC0-301F-11D3-BF4B-00C04F79EFBC}") = "Infrastructure.EventStore", "src\Services\Payment\Command\Infrastructure.EventStore\Infrastructure.EventStore.csproj", "{A686816A-9C98-4998-A669-1F01C219A231}"
EndProject
Project("{FAE04EC0-301F-11D3-BF4B-00C04F79EFBC}") = "Domain", "src\Services\Payment\Command\Domain\Domain.csproj", "{4C152DD8-8F3C-4237-9AAF-13BF5C8023D9}"
EndProject
Project("{FAE04EC0-301F-11D3-BF4B-00C04F79EFBC}") = "Application", "src\Services\Payment\Command\Application\Application.csproj", "{26C3774C-3F7D-4592-9185-320D7F66058A}"
EndProject
Project("{FAE04EC0-301F-11D3-BF4B-00C04F79EFBC}") = "Infrastructure.Projections", "src\Services\Payment\Query\Infrastructure.Projections\Infrastructure.Projections.csproj", "{CFA69BA1-2D8D-4A3E-BD5F-731426DFB65A}"
EndProject
Project("{FAE04EC0-301F-11D3-BF4B-00C04F79EFBC}") = "Infrastructure.EventBus", "src\Services\Payment\Query\Infrastructure.EventBus\Infrastructure.EventBus.csproj", "{AC59CF1E-1071-4497-A00B-164C7172D1D4}"
EndProject
Project("{FAE04EC0-301F-11D3-BF4B-00C04F79EFBC}") = "GrpcService", "src\Services\Payment\Query\GrpcService\GrpcService.csproj", "{52DCACEE-EA08-4C41-A0EA-D0EF1C26B62A}"
EndProject
Project("{FAE04EC0-301F-11D3-BF4B-00C04F79EFBC}") = "Application", "src\Services\Payment\Query\Application\Application.csproj", "{93088C46-E7E7-43A9-8F81-D9B5B69A3155}"
EndProject
Project("{FAE04EC0-301F-11D3-BF4B-00C04F79EFBC}") = "Infrastructure.HTTP", "src\Services\Payment\Command\Infrastructure.HTTP\Infrastructure.HTTP.csproj", "{7E28C40D-112A-4272-A39B-B19D94D94A27}"
EndProject
Project("{FAE04EC0-301F-11D3-BF4B-00C04F79EFBC}") = "ShoppingCartQueryStackIntegrationTests", "test\ShoppingCartQueryStackIntegrationTests\ShoppingCartQueryStackIntegrationTests.csproj", "{3544375E-1B91-48D3-8151-352FBD60C306}"
EndProject
Global
	GlobalSection(SolutionConfigurationPlatforms) = preSolution
		Debug|Any CPU = Debug|Any CPU
		Release|Any CPU = Release|Any CPU
	EndGlobalSection
	GlobalSection(SolutionProperties) = preSolution
		HideSolutionNode = FALSE
	EndGlobalSection
	GlobalSection(ProjectConfigurationPlatforms) = postSolution
		{E65CB304-8C0C-4ED1-8BE7-29AA6B7F07CC}.Debug|Any CPU.ActiveCfg = Debug|Any CPU
		{E65CB304-8C0C-4ED1-8BE7-29AA6B7F07CC}.Debug|Any CPU.Build.0 = Debug|Any CPU
		{E65CB304-8C0C-4ED1-8BE7-29AA6B7F07CC}.Release|Any CPU.ActiveCfg = Release|Any CPU
		{E65CB304-8C0C-4ED1-8BE7-29AA6B7F07CC}.Release|Any CPU.Build.0 = Release|Any CPU
		{229B1D6B-BA8D-428B-8C8F-FE995E0AA489}.Debug|Any CPU.ActiveCfg = Debug|Any CPU
		{229B1D6B-BA8D-428B-8C8F-FE995E0AA489}.Debug|Any CPU.Build.0 = Debug|Any CPU
		{229B1D6B-BA8D-428B-8C8F-FE995E0AA489}.Release|Any CPU.ActiveCfg = Release|Any CPU
		{229B1D6B-BA8D-428B-8C8F-FE995E0AA489}.Release|Any CPU.Build.0 = Release|Any CPU
		{DE79ECD2-2C45-4439-A150-50BC8FBC2F87}.Debug|Any CPU.ActiveCfg = Debug|Any CPU
		{DE79ECD2-2C45-4439-A150-50BC8FBC2F87}.Debug|Any CPU.Build.0 = Debug|Any CPU
		{DE79ECD2-2C45-4439-A150-50BC8FBC2F87}.Release|Any CPU.ActiveCfg = Release|Any CPU
		{DE79ECD2-2C45-4439-A150-50BC8FBC2F87}.Release|Any CPU.Build.0 = Release|Any CPU
		{3454D135-EC2F-4BF4-8C08-DA01804ED0E2}.Debug|Any CPU.ActiveCfg = Debug|Any CPU
		{3454D135-EC2F-4BF4-8C08-DA01804ED0E2}.Debug|Any CPU.Build.0 = Debug|Any CPU
		{3454D135-EC2F-4BF4-8C08-DA01804ED0E2}.Release|Any CPU.ActiveCfg = Release|Any CPU
		{3454D135-EC2F-4BF4-8C08-DA01804ED0E2}.Release|Any CPU.Build.0 = Release|Any CPU
		{60123C73-2030-4524-8D95-1509D0F8C4DB}.Debug|Any CPU.ActiveCfg = Debug|Any CPU
		{60123C73-2030-4524-8D95-1509D0F8C4DB}.Debug|Any CPU.Build.0 = Debug|Any CPU
		{60123C73-2030-4524-8D95-1509D0F8C4DB}.Release|Any CPU.ActiveCfg = Release|Any CPU
		{60123C73-2030-4524-8D95-1509D0F8C4DB}.Release|Any CPU.Build.0 = Release|Any CPU
		{1B2564E5-DE0D-4B8D-A692-978419E75CD3}.Debug|Any CPU.ActiveCfg = Debug|Any CPU
		{1B2564E5-DE0D-4B8D-A692-978419E75CD3}.Debug|Any CPU.Build.0 = Debug|Any CPU
		{1B2564E5-DE0D-4B8D-A692-978419E75CD3}.Release|Any CPU.ActiveCfg = Release|Any CPU
		{1B2564E5-DE0D-4B8D-A692-978419E75CD3}.Release|Any CPU.Build.0 = Release|Any CPU
		{CED823CE-0F35-4801-B527-BF33F7B30D3C}.Debug|Any CPU.ActiveCfg = Debug|Any CPU
		{CED823CE-0F35-4801-B527-BF33F7B30D3C}.Debug|Any CPU.Build.0 = Debug|Any CPU
		{CED823CE-0F35-4801-B527-BF33F7B30D3C}.Release|Any CPU.ActiveCfg = Release|Any CPU
		{CED823CE-0F35-4801-B527-BF33F7B30D3C}.Release|Any CPU.Build.0 = Release|Any CPU
		{8594E12F-7A94-4AEE-AF39-AF2B8A2388A0}.Debug|Any CPU.ActiveCfg = Debug|Any CPU
		{8594E12F-7A94-4AEE-AF39-AF2B8A2388A0}.Debug|Any CPU.Build.0 = Debug|Any CPU
		{8594E12F-7A94-4AEE-AF39-AF2B8A2388A0}.Release|Any CPU.ActiveCfg = Release|Any CPU
		{8594E12F-7A94-4AEE-AF39-AF2B8A2388A0}.Release|Any CPU.Build.0 = Release|Any CPU
		{48A6E234-2789-4955-A319-F2A0B9A70414}.Debug|Any CPU.ActiveCfg = Debug|Any CPU
		{48A6E234-2789-4955-A319-F2A0B9A70414}.Debug|Any CPU.Build.0 = Debug|Any CPU
		{48A6E234-2789-4955-A319-F2A0B9A70414}.Release|Any CPU.ActiveCfg = Release|Any CPU
		{48A6E234-2789-4955-A319-F2A0B9A70414}.Release|Any CPU.Build.0 = Release|Any CPU
		{D23E7642-BDD9-4B08-B275-5477FF699007}.Debug|Any CPU.ActiveCfg = Debug|Any CPU
		{D23E7642-BDD9-4B08-B275-5477FF699007}.Debug|Any CPU.Build.0 = Debug|Any CPU
		{D23E7642-BDD9-4B08-B275-5477FF699007}.Release|Any CPU.ActiveCfg = Release|Any CPU
		{D23E7642-BDD9-4B08-B275-5477FF699007}.Release|Any CPU.Build.0 = Release|Any CPU
		{31CF2B68-25D6-4297-A096-A4ADE022B935}.Debug|Any CPU.ActiveCfg = Debug|Any CPU
		{31CF2B68-25D6-4297-A096-A4ADE022B935}.Debug|Any CPU.Build.0 = Debug|Any CPU
		{31CF2B68-25D6-4297-A096-A4ADE022B935}.Release|Any CPU.ActiveCfg = Release|Any CPU
		{31CF2B68-25D6-4297-A096-A4ADE022B935}.Release|Any CPU.Build.0 = Release|Any CPU
		{4EF1866F-BB93-465C-B721-6CF35970E6DB}.Debug|Any CPU.ActiveCfg = Debug|Any CPU
		{4EF1866F-BB93-465C-B721-6CF35970E6DB}.Debug|Any CPU.Build.0 = Debug|Any CPU
		{4EF1866F-BB93-465C-B721-6CF35970E6DB}.Release|Any CPU.ActiveCfg = Release|Any CPU
		{4EF1866F-BB93-465C-B721-6CF35970E6DB}.Release|Any CPU.Build.0 = Release|Any CPU
		{DBFCE440-70FC-4486-B8D3-30EBD99AB3BD}.Debug|Any CPU.ActiveCfg = Debug|Any CPU
		{DBFCE440-70FC-4486-B8D3-30EBD99AB3BD}.Debug|Any CPU.Build.0 = Debug|Any CPU
		{DBFCE440-70FC-4486-B8D3-30EBD99AB3BD}.Release|Any CPU.ActiveCfg = Release|Any CPU
		{DBFCE440-70FC-4486-B8D3-30EBD99AB3BD}.Release|Any CPU.Build.0 = Release|Any CPU
		{6A3E02DE-93E1-4FB2-8053-2B2AB09F63B0}.Debug|Any CPU.ActiveCfg = Debug|Any CPU
		{6A3E02DE-93E1-4FB2-8053-2B2AB09F63B0}.Debug|Any CPU.Build.0 = Debug|Any CPU
		{6A3E02DE-93E1-4FB2-8053-2B2AB09F63B0}.Release|Any CPU.ActiveCfg = Release|Any CPU
		{6A3E02DE-93E1-4FB2-8053-2B2AB09F63B0}.Release|Any CPU.Build.0 = Release|Any CPU
		{92B96D84-E2E3-4FED-8BAD-607B819E6017}.Debug|Any CPU.ActiveCfg = Debug|Any CPU
		{92B96D84-E2E3-4FED-8BAD-607B819E6017}.Debug|Any CPU.Build.0 = Debug|Any CPU
		{92B96D84-E2E3-4FED-8BAD-607B819E6017}.Release|Any CPU.ActiveCfg = Release|Any CPU
		{92B96D84-E2E3-4FED-8BAD-607B819E6017}.Release|Any CPU.Build.0 = Release|Any CPU
		{FFC24FB6-1ED5-49D0-8D11-63C5CCAFA801}.Debug|Any CPU.ActiveCfg = Debug|Any CPU
		{FFC24FB6-1ED5-49D0-8D11-63C5CCAFA801}.Debug|Any CPU.Build.0 = Debug|Any CPU
		{FFC24FB6-1ED5-49D0-8D11-63C5CCAFA801}.Release|Any CPU.ActiveCfg = Release|Any CPU
		{FFC24FB6-1ED5-49D0-8D11-63C5CCAFA801}.Release|Any CPU.Build.0 = Release|Any CPU
		{F878F7F9-1571-49DE-8F10-A0494259D470}.Debug|Any CPU.ActiveCfg = Debug|Any CPU
		{F878F7F9-1571-49DE-8F10-A0494259D470}.Debug|Any CPU.Build.0 = Debug|Any CPU
		{F878F7F9-1571-49DE-8F10-A0494259D470}.Release|Any CPU.ActiveCfg = Release|Any CPU
		{F878F7F9-1571-49DE-8F10-A0494259D470}.Release|Any CPU.Build.0 = Release|Any CPU
		{D3586EB5-1909-43DC-9D59-CA2E52DBE95C}.Debug|Any CPU.ActiveCfg = Debug|Any CPU
		{D3586EB5-1909-43DC-9D59-CA2E52DBE95C}.Debug|Any CPU.Build.0 = Debug|Any CPU
		{D3586EB5-1909-43DC-9D59-CA2E52DBE95C}.Release|Any CPU.ActiveCfg = Release|Any CPU
		{D3586EB5-1909-43DC-9D59-CA2E52DBE95C}.Release|Any CPU.Build.0 = Release|Any CPU
		{22021471-4C50-41A9-AF00-EE55414F122B}.Debug|Any CPU.ActiveCfg = Debug|Any CPU
		{22021471-4C50-41A9-AF00-EE55414F122B}.Debug|Any CPU.Build.0 = Debug|Any CPU
		{22021471-4C50-41A9-AF00-EE55414F122B}.Release|Any CPU.ActiveCfg = Release|Any CPU
		{22021471-4C50-41A9-AF00-EE55414F122B}.Release|Any CPU.Build.0 = Release|Any CPU
		{9B50D648-CC08-4FDB-805B-7B048EE55AFF}.Debug|Any CPU.ActiveCfg = Debug|Any CPU
		{9B50D648-CC08-4FDB-805B-7B048EE55AFF}.Debug|Any CPU.Build.0 = Debug|Any CPU
		{9B50D648-CC08-4FDB-805B-7B048EE55AFF}.Release|Any CPU.ActiveCfg = Release|Any CPU
		{9B50D648-CC08-4FDB-805B-7B048EE55AFF}.Release|Any CPU.Build.0 = Release|Any CPU
		{FF2D01FE-54FE-4017-AD22-D3F7C903CC32}.Debug|Any CPU.ActiveCfg = Debug|Any CPU
		{FF2D01FE-54FE-4017-AD22-D3F7C903CC32}.Debug|Any CPU.Build.0 = Debug|Any CPU
		{FF2D01FE-54FE-4017-AD22-D3F7C903CC32}.Release|Any CPU.ActiveCfg = Release|Any CPU
		{FF2D01FE-54FE-4017-AD22-D3F7C903CC32}.Release|Any CPU.Build.0 = Release|Any CPU
		{B85BD40C-98DD-4E88-9DD7-6989E05A4C87}.Debug|Any CPU.ActiveCfg = Debug|Any CPU
		{B85BD40C-98DD-4E88-9DD7-6989E05A4C87}.Debug|Any CPU.Build.0 = Debug|Any CPU
		{B85BD40C-98DD-4E88-9DD7-6989E05A4C87}.Release|Any CPU.ActiveCfg = Release|Any CPU
		{B85BD40C-98DD-4E88-9DD7-6989E05A4C87}.Release|Any CPU.Build.0 = Release|Any CPU
		{2F50F9D3-6BE3-4EE2-9D66-E5C10A6B404C}.Debug|Any CPU.ActiveCfg = Debug|Any CPU
		{2F50F9D3-6BE3-4EE2-9D66-E5C10A6B404C}.Debug|Any CPU.Build.0 = Debug|Any CPU
		{2F50F9D3-6BE3-4EE2-9D66-E5C10A6B404C}.Release|Any CPU.ActiveCfg = Release|Any CPU
		{2F50F9D3-6BE3-4EE2-9D66-E5C10A6B404C}.Release|Any CPU.Build.0 = Release|Any CPU
		{2C34D768-992D-47E1-8738-BAE5D77D2F57}.Debug|Any CPU.ActiveCfg = Debug|Any CPU
		{2C34D768-992D-47E1-8738-BAE5D77D2F57}.Debug|Any CPU.Build.0 = Debug|Any CPU
		{2C34D768-992D-47E1-8738-BAE5D77D2F57}.Release|Any CPU.ActiveCfg = Release|Any CPU
		{2C34D768-992D-47E1-8738-BAE5D77D2F57}.Release|Any CPU.Build.0 = Release|Any CPU
		{79953D9C-1175-4A98-87A9-FAF35EC2C9E3}.Debug|Any CPU.ActiveCfg = Debug|Any CPU
		{79953D9C-1175-4A98-87A9-FAF35EC2C9E3}.Debug|Any CPU.Build.0 = Debug|Any CPU
		{79953D9C-1175-4A98-87A9-FAF35EC2C9E3}.Release|Any CPU.ActiveCfg = Release|Any CPU
		{79953D9C-1175-4A98-87A9-FAF35EC2C9E3}.Release|Any CPU.Build.0 = Release|Any CPU
		{6096FB68-664E-42ED-A34F-D2C486B493B6}.Debug|Any CPU.ActiveCfg = Debug|Any CPU
		{6096FB68-664E-42ED-A34F-D2C486B493B6}.Debug|Any CPU.Build.0 = Debug|Any CPU
		{6096FB68-664E-42ED-A34F-D2C486B493B6}.Release|Any CPU.ActiveCfg = Release|Any CPU
		{6096FB68-664E-42ED-A34F-D2C486B493B6}.Release|Any CPU.Build.0 = Release|Any CPU
		{FC499A86-54E6-4645-A9B0-B3E04078A57A}.Debug|Any CPU.ActiveCfg = Debug|Any CPU
		{FC499A86-54E6-4645-A9B0-B3E04078A57A}.Debug|Any CPU.Build.0 = Debug|Any CPU
		{FC499A86-54E6-4645-A9B0-B3E04078A57A}.Release|Any CPU.ActiveCfg = Release|Any CPU
		{FC499A86-54E6-4645-A9B0-B3E04078A57A}.Release|Any CPU.Build.0 = Release|Any CPU
		{B5085BB2-0639-493C-9778-A2BC531B7B57}.Debug|Any CPU.ActiveCfg = Debug|Any CPU
		{B5085BB2-0639-493C-9778-A2BC531B7B57}.Debug|Any CPU.Build.0 = Debug|Any CPU
		{B5085BB2-0639-493C-9778-A2BC531B7B57}.Release|Any CPU.ActiveCfg = Release|Any CPU
		{B5085BB2-0639-493C-9778-A2BC531B7B57}.Release|Any CPU.Build.0 = Release|Any CPU
		{A870AAA9-D01D-46A7-B5F4-997D248AD867}.Debug|Any CPU.ActiveCfg = Debug|Any CPU
		{A870AAA9-D01D-46A7-B5F4-997D248AD867}.Debug|Any CPU.Build.0 = Debug|Any CPU
		{A870AAA9-D01D-46A7-B5F4-997D248AD867}.Release|Any CPU.ActiveCfg = Release|Any CPU
		{A870AAA9-D01D-46A7-B5F4-997D248AD867}.Release|Any CPU.Build.0 = Release|Any CPU
		{BB30A256-761A-403B-8FDC-C8E23F0A7880}.Debug|Any CPU.ActiveCfg = Debug|Any CPU
		{BB30A256-761A-403B-8FDC-C8E23F0A7880}.Debug|Any CPU.Build.0 = Debug|Any CPU
		{BB30A256-761A-403B-8FDC-C8E23F0A7880}.Release|Any CPU.ActiveCfg = Release|Any CPU
		{BB30A256-761A-403B-8FDC-C8E23F0A7880}.Release|Any CPU.Build.0 = Release|Any CPU
		{C8431CC5-1B45-4CC6-9A98-C88CC4DEA759}.Debug|Any CPU.ActiveCfg = Debug|Any CPU
		{C8431CC5-1B45-4CC6-9A98-C88CC4DEA759}.Debug|Any CPU.Build.0 = Debug|Any CPU
		{C8431CC5-1B45-4CC6-9A98-C88CC4DEA759}.Release|Any CPU.ActiveCfg = Release|Any CPU
		{C8431CC5-1B45-4CC6-9A98-C88CC4DEA759}.Release|Any CPU.Build.0 = Release|Any CPU
		{98D9D872-4701-4C60-B591-4EF7CC9363A8}.Debug|Any CPU.ActiveCfg = Debug|Any CPU
		{98D9D872-4701-4C60-B591-4EF7CC9363A8}.Debug|Any CPU.Build.0 = Debug|Any CPU
		{98D9D872-4701-4C60-B591-4EF7CC9363A8}.Release|Any CPU.ActiveCfg = Release|Any CPU
		{98D9D872-4701-4C60-B591-4EF7CC9363A8}.Release|Any CPU.Build.0 = Release|Any CPU
		{3539E140-2E1D-4E5F-8308-1886A9473227}.Debug|Any CPU.ActiveCfg = Debug|Any CPU
		{3539E140-2E1D-4E5F-8308-1886A9473227}.Debug|Any CPU.Build.0 = Debug|Any CPU
		{3539E140-2E1D-4E5F-8308-1886A9473227}.Release|Any CPU.ActiveCfg = Release|Any CPU
		{3539E140-2E1D-4E5F-8308-1886A9473227}.Release|Any CPU.Build.0 = Release|Any CPU
		{31FA13DD-C300-490D-A85B-A27D2339E10E}.Debug|Any CPU.ActiveCfg = Debug|Any CPU
		{31FA13DD-C300-490D-A85B-A27D2339E10E}.Debug|Any CPU.Build.0 = Debug|Any CPU
		{31FA13DD-C300-490D-A85B-A27D2339E10E}.Release|Any CPU.ActiveCfg = Release|Any CPU
		{31FA13DD-C300-490D-A85B-A27D2339E10E}.Release|Any CPU.Build.0 = Release|Any CPU
		{14449AB1-EF9A-4590-B451-75808A960C81}.Debug|Any CPU.ActiveCfg = Debug|Any CPU
		{14449AB1-EF9A-4590-B451-75808A960C81}.Debug|Any CPU.Build.0 = Debug|Any CPU
		{14449AB1-EF9A-4590-B451-75808A960C81}.Release|Any CPU.ActiveCfg = Release|Any CPU
		{14449AB1-EF9A-4590-B451-75808A960C81}.Release|Any CPU.Build.0 = Release|Any CPU
		{B3CB6078-46BC-4B05-855C-85F3BA7FE6C5}.Debug|Any CPU.ActiveCfg = Debug|Any CPU
		{B3CB6078-46BC-4B05-855C-85F3BA7FE6C5}.Debug|Any CPU.Build.0 = Debug|Any CPU
		{B3CB6078-46BC-4B05-855C-85F3BA7FE6C5}.Release|Any CPU.ActiveCfg = Release|Any CPU
		{B3CB6078-46BC-4B05-855C-85F3BA7FE6C5}.Release|Any CPU.Build.0 = Release|Any CPU
		{67834CC3-BE2F-43AF-8CB3-9EF7451B814D}.Debug|Any CPU.ActiveCfg = Debug|Any CPU
		{67834CC3-BE2F-43AF-8CB3-9EF7451B814D}.Debug|Any CPU.Build.0 = Debug|Any CPU
		{67834CC3-BE2F-43AF-8CB3-9EF7451B814D}.Release|Any CPU.ActiveCfg = Release|Any CPU
		{67834CC3-BE2F-43AF-8CB3-9EF7451B814D}.Release|Any CPU.Build.0 = Release|Any CPU
		{4751DA1C-CDB9-4B91-BCF7-570B1E5EE369}.Debug|Any CPU.ActiveCfg = Debug|Any CPU
		{4751DA1C-CDB9-4B91-BCF7-570B1E5EE369}.Debug|Any CPU.Build.0 = Debug|Any CPU
		{4751DA1C-CDB9-4B91-BCF7-570B1E5EE369}.Release|Any CPU.ActiveCfg = Release|Any CPU
		{4751DA1C-CDB9-4B91-BCF7-570B1E5EE369}.Release|Any CPU.Build.0 = Release|Any CPU
		{69C7418C-C879-489A-83D8-D974E1B4A642}.Debug|Any CPU.ActiveCfg = Debug|Any CPU
		{69C7418C-C879-489A-83D8-D974E1B4A642}.Debug|Any CPU.Build.0 = Debug|Any CPU
		{69C7418C-C879-489A-83D8-D974E1B4A642}.Release|Any CPU.ActiveCfg = Release|Any CPU
		{69C7418C-C879-489A-83D8-D974E1B4A642}.Release|Any CPU.Build.0 = Release|Any CPU
		{2B941E14-9A38-4095-806E-3A547E96FC7F}.Debug|Any CPU.ActiveCfg = Debug|Any CPU
		{2B941E14-9A38-4095-806E-3A547E96FC7F}.Debug|Any CPU.Build.0 = Debug|Any CPU
		{2B941E14-9A38-4095-806E-3A547E96FC7F}.Release|Any CPU.ActiveCfg = Release|Any CPU
		{2B941E14-9A38-4095-806E-3A547E96FC7F}.Release|Any CPU.Build.0 = Release|Any CPU
		{210A27B7-C695-43DF-AFC4-D60818DC9128}.Debug|Any CPU.ActiveCfg = Debug|Any CPU
		{210A27B7-C695-43DF-AFC4-D60818DC9128}.Debug|Any CPU.Build.0 = Debug|Any CPU
		{210A27B7-C695-43DF-AFC4-D60818DC9128}.Release|Any CPU.ActiveCfg = Release|Any CPU
		{210A27B7-C695-43DF-AFC4-D60818DC9128}.Release|Any CPU.Build.0 = Release|Any CPU
		{7D192FEE-32C3-4F14-9DD8-5E39443D2512}.Debug|Any CPU.ActiveCfg = Debug|Any CPU
		{7D192FEE-32C3-4F14-9DD8-5E39443D2512}.Debug|Any CPU.Build.0 = Debug|Any CPU
		{7D192FEE-32C3-4F14-9DD8-5E39443D2512}.Release|Any CPU.ActiveCfg = Release|Any CPU
		{7D192FEE-32C3-4F14-9DD8-5E39443D2512}.Release|Any CPU.Build.0 = Release|Any CPU
		{FCEBBDE7-A580-4C5F-AC34-4247376AF694}.Debug|Any CPU.ActiveCfg = Debug|Any CPU
		{FCEBBDE7-A580-4C5F-AC34-4247376AF694}.Debug|Any CPU.Build.0 = Debug|Any CPU
		{FCEBBDE7-A580-4C5F-AC34-4247376AF694}.Release|Any CPU.ActiveCfg = Release|Any CPU
		{FCEBBDE7-A580-4C5F-AC34-4247376AF694}.Release|Any CPU.Build.0 = Release|Any CPU
		{8ED1E205-C539-4A79-A17C-C118E88AFEF1}.Debug|Any CPU.ActiveCfg = Debug|Any CPU
		{8ED1E205-C539-4A79-A17C-C118E88AFEF1}.Debug|Any CPU.Build.0 = Debug|Any CPU
		{8ED1E205-C539-4A79-A17C-C118E88AFEF1}.Release|Any CPU.ActiveCfg = Release|Any CPU
		{8ED1E205-C539-4A79-A17C-C118E88AFEF1}.Release|Any CPU.Build.0 = Release|Any CPU
		{92EDE7E1-91AB-43ED-8E87-78C38B1BBECC}.Debug|Any CPU.ActiveCfg = Debug|Any CPU
		{92EDE7E1-91AB-43ED-8E87-78C38B1BBECC}.Debug|Any CPU.Build.0 = Debug|Any CPU
		{92EDE7E1-91AB-43ED-8E87-78C38B1BBECC}.Release|Any CPU.ActiveCfg = Release|Any CPU
		{92EDE7E1-91AB-43ED-8E87-78C38B1BBECC}.Release|Any CPU.Build.0 = Release|Any CPU
		{71DCB590-74BB-4FF7-A377-02609C4D9424}.Debug|Any CPU.ActiveCfg = Debug|Any CPU
		{71DCB590-74BB-4FF7-A377-02609C4D9424}.Debug|Any CPU.Build.0 = Debug|Any CPU
		{71DCB590-74BB-4FF7-A377-02609C4D9424}.Release|Any CPU.ActiveCfg = Release|Any CPU
		{71DCB590-74BB-4FF7-A377-02609C4D9424}.Release|Any CPU.Build.0 = Release|Any CPU
		{46942763-0251-4429-AB2D-F44AA4B2C996}.Debug|Any CPU.ActiveCfg = Debug|Any CPU
		{46942763-0251-4429-AB2D-F44AA4B2C996}.Debug|Any CPU.Build.0 = Debug|Any CPU
		{46942763-0251-4429-AB2D-F44AA4B2C996}.Release|Any CPU.ActiveCfg = Release|Any CPU
		{46942763-0251-4429-AB2D-F44AA4B2C996}.Release|Any CPU.Build.0 = Release|Any CPU
		{23DA26C9-2F89-48ED-BAD8-E3CA362D1738}.Debug|Any CPU.ActiveCfg = Debug|Any CPU
		{23DA26C9-2F89-48ED-BAD8-E3CA362D1738}.Debug|Any CPU.Build.0 = Debug|Any CPU
		{23DA26C9-2F89-48ED-BAD8-E3CA362D1738}.Release|Any CPU.ActiveCfg = Release|Any CPU
		{23DA26C9-2F89-48ED-BAD8-E3CA362D1738}.Release|Any CPU.Build.0 = Release|Any CPU
		{E7B0328D-BE0C-4F54-9442-4123EDB34490}.Debug|Any CPU.ActiveCfg = Debug|Any CPU
		{E7B0328D-BE0C-4F54-9442-4123EDB34490}.Debug|Any CPU.Build.0 = Debug|Any CPU
		{E7B0328D-BE0C-4F54-9442-4123EDB34490}.Release|Any CPU.ActiveCfg = Release|Any CPU
		{E7B0328D-BE0C-4F54-9442-4123EDB34490}.Release|Any CPU.Build.0 = Release|Any CPU
		{52FE9297-629C-4944-ACEB-391BC9CF1CD7}.Debug|Any CPU.ActiveCfg = Debug|Any CPU
		{52FE9297-629C-4944-ACEB-391BC9CF1CD7}.Debug|Any CPU.Build.0 = Debug|Any CPU
		{52FE9297-629C-4944-ACEB-391BC9CF1CD7}.Release|Any CPU.ActiveCfg = Release|Any CPU
		{52FE9297-629C-4944-ACEB-391BC9CF1CD7}.Release|Any CPU.Build.0 = Release|Any CPU
		{868EAF3A-F004-448C-8E50-99FBF1E384DA}.Debug|Any CPU.ActiveCfg = Debug|Any CPU
		{868EAF3A-F004-448C-8E50-99FBF1E384DA}.Debug|Any CPU.Build.0 = Debug|Any CPU
		{868EAF3A-F004-448C-8E50-99FBF1E384DA}.Release|Any CPU.ActiveCfg = Release|Any CPU
		{868EAF3A-F004-448C-8E50-99FBF1E384DA}.Release|Any CPU.Build.0 = Release|Any CPU
		{DD55E4AB-5DD1-44D8-A631-6DE0A6661704}.Debug|Any CPU.ActiveCfg = Debug|Any CPU
		{DD55E4AB-5DD1-44D8-A631-6DE0A6661704}.Debug|Any CPU.Build.0 = Debug|Any CPU
		{DD55E4AB-5DD1-44D8-A631-6DE0A6661704}.Release|Any CPU.ActiveCfg = Release|Any CPU
		{DD55E4AB-5DD1-44D8-A631-6DE0A6661704}.Release|Any CPU.Build.0 = Release|Any CPU
		{4AF47225-3F43-42EE-A7D6-DB4175FC49CB}.Debug|Any CPU.ActiveCfg = Debug|Any CPU
		{4AF47225-3F43-42EE-A7D6-DB4175FC49CB}.Debug|Any CPU.Build.0 = Debug|Any CPU
		{4AF47225-3F43-42EE-A7D6-DB4175FC49CB}.Release|Any CPU.ActiveCfg = Release|Any CPU
		{4AF47225-3F43-42EE-A7D6-DB4175FC49CB}.Release|Any CPU.Build.0 = Release|Any CPU
		{E08DDADD-3EBF-49EA-BFF2-0D058F37F556}.Debug|Any CPU.ActiveCfg = Debug|Any CPU
		{E08DDADD-3EBF-49EA-BFF2-0D058F37F556}.Debug|Any CPU.Build.0 = Debug|Any CPU
		{E08DDADD-3EBF-49EA-BFF2-0D058F37F556}.Release|Any CPU.ActiveCfg = Release|Any CPU
		{E08DDADD-3EBF-49EA-BFF2-0D058F37F556}.Release|Any CPU.Build.0 = Release|Any CPU
		{2BCCCF8F-C7AD-471A-84D4-6F75B53896EB}.Debug|Any CPU.ActiveCfg = Debug|Any CPU
		{2BCCCF8F-C7AD-471A-84D4-6F75B53896EB}.Debug|Any CPU.Build.0 = Debug|Any CPU
		{2BCCCF8F-C7AD-471A-84D4-6F75B53896EB}.Release|Any CPU.ActiveCfg = Release|Any CPU
		{2BCCCF8F-C7AD-471A-84D4-6F75B53896EB}.Release|Any CPU.Build.0 = Release|Any CPU
		{C2BB298D-6778-480A-942D-28C611C74494}.Debug|Any CPU.ActiveCfg = Debug|Any CPU
		{C2BB298D-6778-480A-942D-28C611C74494}.Debug|Any CPU.Build.0 = Debug|Any CPU
		{C2BB298D-6778-480A-942D-28C611C74494}.Release|Any CPU.ActiveCfg = Release|Any CPU
		{C2BB298D-6778-480A-942D-28C611C74494}.Release|Any CPU.Build.0 = Release|Any CPU
		{68DB7019-A2D9-4429-8809-CD02A6E13631}.Debug|Any CPU.ActiveCfg = Debug|Any CPU
		{68DB7019-A2D9-4429-8809-CD02A6E13631}.Debug|Any CPU.Build.0 = Debug|Any CPU
		{68DB7019-A2D9-4429-8809-CD02A6E13631}.Release|Any CPU.ActiveCfg = Release|Any CPU
		{68DB7019-A2D9-4429-8809-CD02A6E13631}.Release|Any CPU.Build.0 = Release|Any CPU
		{2FD5B4D8-81DA-4A90-B4CB-DB6529FD010B}.Debug|Any CPU.ActiveCfg = Debug|Any CPU
		{2FD5B4D8-81DA-4A90-B4CB-DB6529FD010B}.Debug|Any CPU.Build.0 = Debug|Any CPU
		{2FD5B4D8-81DA-4A90-B4CB-DB6529FD010B}.Release|Any CPU.ActiveCfg = Release|Any CPU
		{2FD5B4D8-81DA-4A90-B4CB-DB6529FD010B}.Release|Any CPU.Build.0 = Release|Any CPU
		{542FC5DC-844C-404D-B5E8-4991028E3EAE}.Debug|Any CPU.ActiveCfg = Debug|Any CPU
		{542FC5DC-844C-404D-B5E8-4991028E3EAE}.Debug|Any CPU.Build.0 = Debug|Any CPU
		{542FC5DC-844C-404D-B5E8-4991028E3EAE}.Release|Any CPU.ActiveCfg = Release|Any CPU
		{542FC5DC-844C-404D-B5E8-4991028E3EAE}.Release|Any CPU.Build.0 = Release|Any CPU
		{15CBAAC1-55CE-4FB5-8BE3-B7D307504E44}.Debug|Any CPU.ActiveCfg = Debug|Any CPU
		{15CBAAC1-55CE-4FB5-8BE3-B7D307504E44}.Debug|Any CPU.Build.0 = Debug|Any CPU
		{15CBAAC1-55CE-4FB5-8BE3-B7D307504E44}.Release|Any CPU.ActiveCfg = Release|Any CPU
		{15CBAAC1-55CE-4FB5-8BE3-B7D307504E44}.Release|Any CPU.Build.0 = Release|Any CPU
		{76AD466B-B334-418E-AC47-96A5011898E9}.Debug|Any CPU.ActiveCfg = Debug|Any CPU
		{76AD466B-B334-418E-AC47-96A5011898E9}.Debug|Any CPU.Build.0 = Debug|Any CPU
		{76AD466B-B334-418E-AC47-96A5011898E9}.Release|Any CPU.ActiveCfg = Release|Any CPU
		{76AD466B-B334-418E-AC47-96A5011898E9}.Release|Any CPU.Build.0 = Release|Any CPU
		{0C533076-FE43-497B-9E34-437F7A983E31}.Debug|Any CPU.ActiveCfg = Debug|Any CPU
		{0C533076-FE43-497B-9E34-437F7A983E31}.Debug|Any CPU.Build.0 = Debug|Any CPU
		{0C533076-FE43-497B-9E34-437F7A983E31}.Release|Any CPU.ActiveCfg = Release|Any CPU
		{0C533076-FE43-497B-9E34-437F7A983E31}.Release|Any CPU.Build.0 = Release|Any CPU
		{C1AE2738-0730-45CC-9152-36F4C3C79F5E}.Debug|Any CPU.ActiveCfg = Debug|Any CPU
		{C1AE2738-0730-45CC-9152-36F4C3C79F5E}.Debug|Any CPU.Build.0 = Debug|Any CPU
		{C1AE2738-0730-45CC-9152-36F4C3C79F5E}.Release|Any CPU.ActiveCfg = Release|Any CPU
		{C1AE2738-0730-45CC-9152-36F4C3C79F5E}.Release|Any CPU.Build.0 = Release|Any CPU
		{1DD5B72D-16DF-4A1A-BE24-6FE864E83F42}.Debug|Any CPU.ActiveCfg = Debug|Any CPU
		{1DD5B72D-16DF-4A1A-BE24-6FE864E83F42}.Debug|Any CPU.Build.0 = Debug|Any CPU
		{1DD5B72D-16DF-4A1A-BE24-6FE864E83F42}.Release|Any CPU.ActiveCfg = Release|Any CPU
		{1DD5B72D-16DF-4A1A-BE24-6FE864E83F42}.Release|Any CPU.Build.0 = Release|Any CPU
		{455F5FC3-FA2F-41A8-8FB8-92FF20D8AE35}.Debug|Any CPU.ActiveCfg = Debug|Any CPU
		{455F5FC3-FA2F-41A8-8FB8-92FF20D8AE35}.Debug|Any CPU.Build.0 = Debug|Any CPU
		{455F5FC3-FA2F-41A8-8FB8-92FF20D8AE35}.Release|Any CPU.ActiveCfg = Release|Any CPU
		{455F5FC3-FA2F-41A8-8FB8-92FF20D8AE35}.Release|Any CPU.Build.0 = Release|Any CPU
		{31339833-564C-460E-BABD-C548652DD957}.Debug|Any CPU.ActiveCfg = Debug|Any CPU
		{31339833-564C-460E-BABD-C548652DD957}.Debug|Any CPU.Build.0 = Debug|Any CPU
		{31339833-564C-460E-BABD-C548652DD957}.Release|Any CPU.ActiveCfg = Release|Any CPU
		{31339833-564C-460E-BABD-C548652DD957}.Release|Any CPU.Build.0 = Release|Any CPU
		{D611312D-8088-4317-95CD-164371310297}.Debug|Any CPU.ActiveCfg = Debug|Any CPU
		{D611312D-8088-4317-95CD-164371310297}.Debug|Any CPU.Build.0 = Debug|Any CPU
		{D611312D-8088-4317-95CD-164371310297}.Release|Any CPU.ActiveCfg = Release|Any CPU
		{D611312D-8088-4317-95CD-164371310297}.Release|Any CPU.Build.0 = Release|Any CPU
		{9B081096-01D2-4B7E-983C-A035A41248A4}.Debug|Any CPU.ActiveCfg = Debug|Any CPU
		{9B081096-01D2-4B7E-983C-A035A41248A4}.Debug|Any CPU.Build.0 = Debug|Any CPU
		{9B081096-01D2-4B7E-983C-A035A41248A4}.Release|Any CPU.ActiveCfg = Release|Any CPU
		{9B081096-01D2-4B7E-983C-A035A41248A4}.Release|Any CPU.Build.0 = Release|Any CPU
		{612D3A64-0164-4DBF-B871-810C0B846FA6}.Debug|Any CPU.ActiveCfg = Debug|Any CPU
		{612D3A64-0164-4DBF-B871-810C0B846FA6}.Debug|Any CPU.Build.0 = Debug|Any CPU
		{612D3A64-0164-4DBF-B871-810C0B846FA6}.Release|Any CPU.ActiveCfg = Release|Any CPU
		{612D3A64-0164-4DBF-B871-810C0B846FA6}.Release|Any CPU.Build.0 = Release|Any CPU
		{6DD3E097-1F45-43C1-ACD7-BE5DE1B8CC2A}.Debug|Any CPU.ActiveCfg = Debug|Any CPU
		{6DD3E097-1F45-43C1-ACD7-BE5DE1B8CC2A}.Debug|Any CPU.Build.0 = Debug|Any CPU
		{6DD3E097-1F45-43C1-ACD7-BE5DE1B8CC2A}.Release|Any CPU.ActiveCfg = Release|Any CPU
		{6DD3E097-1F45-43C1-ACD7-BE5DE1B8CC2A}.Release|Any CPU.Build.0 = Release|Any CPU
		{966C44F3-5E51-463B-BCF0-415402AFEE31}.Debug|Any CPU.ActiveCfg = Debug|Any CPU
		{966C44F3-5E51-463B-BCF0-415402AFEE31}.Debug|Any CPU.Build.0 = Debug|Any CPU
		{966C44F3-5E51-463B-BCF0-415402AFEE31}.Release|Any CPU.ActiveCfg = Release|Any CPU
		{966C44F3-5E51-463B-BCF0-415402AFEE31}.Release|Any CPU.Build.0 = Release|Any CPU
		{43559C11-9BBA-47DD-BB35-65D4E4DB05BA}.Debug|Any CPU.ActiveCfg = Debug|Any CPU
		{43559C11-9BBA-47DD-BB35-65D4E4DB05BA}.Debug|Any CPU.Build.0 = Debug|Any CPU
		{43559C11-9BBA-47DD-BB35-65D4E4DB05BA}.Release|Any CPU.ActiveCfg = Release|Any CPU
		{43559C11-9BBA-47DD-BB35-65D4E4DB05BA}.Release|Any CPU.Build.0 = Release|Any CPU
		{A686816A-9C98-4998-A669-1F01C219A231}.Debug|Any CPU.ActiveCfg = Debug|Any CPU
		{A686816A-9C98-4998-A669-1F01C219A231}.Debug|Any CPU.Build.0 = Debug|Any CPU
		{A686816A-9C98-4998-A669-1F01C219A231}.Release|Any CPU.ActiveCfg = Release|Any CPU
		{A686816A-9C98-4998-A669-1F01C219A231}.Release|Any CPU.Build.0 = Release|Any CPU
		{4C152DD8-8F3C-4237-9AAF-13BF5C8023D9}.Debug|Any CPU.ActiveCfg = Debug|Any CPU
		{4C152DD8-8F3C-4237-9AAF-13BF5C8023D9}.Debug|Any CPU.Build.0 = Debug|Any CPU
		{4C152DD8-8F3C-4237-9AAF-13BF5C8023D9}.Release|Any CPU.ActiveCfg = Release|Any CPU
		{4C152DD8-8F3C-4237-9AAF-13BF5C8023D9}.Release|Any CPU.Build.0 = Release|Any CPU
		{26C3774C-3F7D-4592-9185-320D7F66058A}.Debug|Any CPU.ActiveCfg = Debug|Any CPU
		{26C3774C-3F7D-4592-9185-320D7F66058A}.Debug|Any CPU.Build.0 = Debug|Any CPU
		{26C3774C-3F7D-4592-9185-320D7F66058A}.Release|Any CPU.ActiveCfg = Release|Any CPU
		{26C3774C-3F7D-4592-9185-320D7F66058A}.Release|Any CPU.Build.0 = Release|Any CPU
		{CFA69BA1-2D8D-4A3E-BD5F-731426DFB65A}.Debug|Any CPU.ActiveCfg = Debug|Any CPU
		{CFA69BA1-2D8D-4A3E-BD5F-731426DFB65A}.Debug|Any CPU.Build.0 = Debug|Any CPU
		{CFA69BA1-2D8D-4A3E-BD5F-731426DFB65A}.Release|Any CPU.ActiveCfg = Release|Any CPU
		{CFA69BA1-2D8D-4A3E-BD5F-731426DFB65A}.Release|Any CPU.Build.0 = Release|Any CPU
		{AC59CF1E-1071-4497-A00B-164C7172D1D4}.Debug|Any CPU.ActiveCfg = Debug|Any CPU
		{AC59CF1E-1071-4497-A00B-164C7172D1D4}.Debug|Any CPU.Build.0 = Debug|Any CPU
		{AC59CF1E-1071-4497-A00B-164C7172D1D4}.Release|Any CPU.ActiveCfg = Release|Any CPU
		{AC59CF1E-1071-4497-A00B-164C7172D1D4}.Release|Any CPU.Build.0 = Release|Any CPU
		{52DCACEE-EA08-4C41-A0EA-D0EF1C26B62A}.Debug|Any CPU.ActiveCfg = Debug|Any CPU
		{52DCACEE-EA08-4C41-A0EA-D0EF1C26B62A}.Debug|Any CPU.Build.0 = Debug|Any CPU
		{52DCACEE-EA08-4C41-A0EA-D0EF1C26B62A}.Release|Any CPU.ActiveCfg = Release|Any CPU
		{52DCACEE-EA08-4C41-A0EA-D0EF1C26B62A}.Release|Any CPU.Build.0 = Release|Any CPU
		{93088C46-E7E7-43A9-8F81-D9B5B69A3155}.Debug|Any CPU.ActiveCfg = Debug|Any CPU
		{93088C46-E7E7-43A9-8F81-D9B5B69A3155}.Debug|Any CPU.Build.0 = Debug|Any CPU
		{93088C46-E7E7-43A9-8F81-D9B5B69A3155}.Release|Any CPU.ActiveCfg = Release|Any CPU
		{93088C46-E7E7-43A9-8F81-D9B5B69A3155}.Release|Any CPU.Build.0 = Release|Any CPU
		{7E28C40D-112A-4272-A39B-B19D94D94A27}.Debug|Any CPU.ActiveCfg = Debug|Any CPU
		{7E28C40D-112A-4272-A39B-B19D94D94A27}.Debug|Any CPU.Build.0 = Debug|Any CPU
		{7E28C40D-112A-4272-A39B-B19D94D94A27}.Release|Any CPU.ActiveCfg = Release|Any CPU
		{7E28C40D-112A-4272-A39B-B19D94D94A27}.Release|Any CPU.Build.0 = Release|Any CPU
		{3544375E-1B91-48D3-8151-352FBD60C306}.Debug|Any CPU.ActiveCfg = Debug|Any CPU
		{3544375E-1B91-48D3-8151-352FBD60C306}.Debug|Any CPU.Build.0 = Debug|Any CPU
		{3544375E-1B91-48D3-8151-352FBD60C306}.Release|Any CPU.ActiveCfg = Release|Any CPU
		{3544375E-1B91-48D3-8151-352FBD60C306}.Release|Any CPU.Build.0 = Release|Any CPU
	EndGlobalSection
	GlobalSection(NestedProjects) = preSolution
		{4E404E16-E8CB-4A01-B42E-C1E624D12A49} = {A8107F9C-AC86-4467-8685-A17633E86715}
		{84C69DE1-8A83-45FD-BD8B-C749FCE8416F} = {4E404E16-E8CB-4A01-B42E-C1E624D12A49}
		{C9CDAF5D-FE5E-4E6E-8F65-7B84AFD35A6A} = {A8107F9C-AC86-4467-8685-A17633E86715}
		{E20DD84A-FBAA-40AB-A7FD-A0C1C675C86F} = {4E404E16-E8CB-4A01-B42E-C1E624D12A49}
		{B721D24A-11BD-4F6C-AB8D-E48EA8CADEE8} = {4E404E16-E8CB-4A01-B42E-C1E624D12A49}
		{120AE240-EF32-48EF-B8A9-2B7B2257E0BC} = {4E404E16-E8CB-4A01-B42E-C1E624D12A49}
		{ADF2789E-DE10-4F06-9972-B368A1F91740} = {4E404E16-E8CB-4A01-B42E-C1E624D12A49}
		{2AAE1478-D3F3-4D1A-83C1-233627A03B26} = {4E404E16-E8CB-4A01-B42E-C1E624D12A49}
		{E5A5B5A4-2BC9-4D77-AD64-4B5A5871E192} = {4E404E16-E8CB-4A01-B42E-C1E624D12A49}
		{3D7CD27A-37AC-4AFC-AB97-7F50A9901871} = {B54AAF8D-979C-47B6-B5B5-35B223930872}
		{F43994BC-FD64-4DF7-B939-C047667823DE} = {3D7CD27A-37AC-4AFC-AB97-7F50A9901871}
		{E65CB304-8C0C-4ED1-8BE7-29AA6B7F07CC} = {F43994BC-FD64-4DF7-B939-C047667823DE}
		{229B1D6B-BA8D-428B-8C8F-FE995E0AA489} = {C9CDAF5D-FE5E-4E6E-8F65-7B84AFD35A6A}
		{DE79ECD2-2C45-4439-A150-50BC8FBC2F87} = {C9CDAF5D-FE5E-4E6E-8F65-7B84AFD35A6A}
		{3454D135-EC2F-4BF4-8C08-DA01804ED0E2} = {A8107F9C-AC86-4467-8685-A17633E86715}
		{168698C8-1497-48A1-98B0-DAB157D5250E} = {120AE240-EF32-48EF-B8A9-2B7B2257E0BC}
		{85BCE38C-1558-40E2-A4B8-580FD4505D07} = {120AE240-EF32-48EF-B8A9-2B7B2257E0BC}
		{60123C73-2030-4524-8D95-1509D0F8C4DB} = {168698C8-1497-48A1-98B0-DAB157D5250E}
		{1B2564E5-DE0D-4B8D-A692-978419E75CD3} = {168698C8-1497-48A1-98B0-DAB157D5250E}
		{CED823CE-0F35-4801-B527-BF33F7B30D3C} = {168698C8-1497-48A1-98B0-DAB157D5250E}
		{8594E12F-7A94-4AEE-AF39-AF2B8A2388A0} = {168698C8-1497-48A1-98B0-DAB157D5250E}
		{48A6E234-2789-4955-A319-F2A0B9A70414} = {85BCE38C-1558-40E2-A4B8-580FD4505D07}
		{D23E7642-BDD9-4B08-B275-5477FF699007} = {85BCE38C-1558-40E2-A4B8-580FD4505D07}
		{31CF2B68-25D6-4297-A096-A4ADE022B935} = {85BCE38C-1558-40E2-A4B8-580FD4505D07}
		{4EF1866F-BB93-465C-B721-6CF35970E6DB} = {85BCE38C-1558-40E2-A4B8-580FD4505D07}
		{DBFCE440-70FC-4486-B8D3-30EBD99AB3BD} = {168698C8-1497-48A1-98B0-DAB157D5250E}
		{1AB6524D-1F2A-4BE1-BC48-DA1B107A7A50} = {4E404E16-E8CB-4A01-B42E-C1E624D12A49}
		{E62C6B98-B9BF-42EA-A0D1-2CE6255095C7} = {1AB6524D-1F2A-4BE1-BC48-DA1B107A7A50}
		{6A3E02DE-93E1-4FB2-8053-2B2AB09F63B0} = {E62C6B98-B9BF-42EA-A0D1-2CE6255095C7}
		{92B96D84-E2E3-4FED-8BAD-607B819E6017} = {E62C6B98-B9BF-42EA-A0D1-2CE6255095C7}
		{FFC24FB6-1ED5-49D0-8D11-63C5CCAFA801} = {E62C6B98-B9BF-42EA-A0D1-2CE6255095C7}
		{F878F7F9-1571-49DE-8F10-A0494259D470} = {E62C6B98-B9BF-42EA-A0D1-2CE6255095C7}
		{D3586EB5-1909-43DC-9D59-CA2E52DBE95C} = {E62C6B98-B9BF-42EA-A0D1-2CE6255095C7}
		{22021471-4C50-41A9-AF00-EE55414F122B} = {E62C6B98-B9BF-42EA-A0D1-2CE6255095C7}
		{454DAFF5-FDF4-4B28-8F43-BDD881093BA3} = {B54AAF8D-979C-47B6-B5B5-35B223930872}
		{1D708AEE-2C8C-47FF-B937-B28716510488} = {454DAFF5-FDF4-4B28-8F43-BDD881093BA3}
		{9B50D648-CC08-4FDB-805B-7B048EE55AFF} = {1D708AEE-2C8C-47FF-B937-B28716510488}
		{4BF940D9-CC56-4B57-ADE3-C1A5C28BB0DD} = {84C69DE1-8A83-45FD-BD8B-C749FCE8416F}
		{6F2FDC08-DEDB-4273-8076-6FB6DA7511C6} = {84C69DE1-8A83-45FD-BD8B-C749FCE8416F}
		{FF2D01FE-54FE-4017-AD22-D3F7C903CC32} = {4BF940D9-CC56-4B57-ADE3-C1A5C28BB0DD}
		{B85BD40C-98DD-4E88-9DD7-6989E05A4C87} = {4BF940D9-CC56-4B57-ADE3-C1A5C28BB0DD}
		{2F50F9D3-6BE3-4EE2-9D66-E5C10A6B404C} = {6F2FDC08-DEDB-4273-8076-6FB6DA7511C6}
		{2C34D768-992D-47E1-8738-BAE5D77D2F57} = {6F2FDC08-DEDB-4273-8076-6FB6DA7511C6}
		{79953D9C-1175-4A98-87A9-FAF35EC2C9E3} = {6F2FDC08-DEDB-4273-8076-6FB6DA7511C6}
		{6096FB68-664E-42ED-A34F-D2C486B493B6} = {6F2FDC08-DEDB-4273-8076-6FB6DA7511C6}
		{FC499A86-54E6-4645-A9B0-B3E04078A57A} = {4BF940D9-CC56-4B57-ADE3-C1A5C28BB0DD}
		{B5085BB2-0639-493C-9778-A2BC531B7B57} = {4BF940D9-CC56-4B57-ADE3-C1A5C28BB0DD}
		{A870AAA9-D01D-46A7-B5F4-997D248AD867} = {4BF940D9-CC56-4B57-ADE3-C1A5C28BB0DD}
		{BB30A256-761A-403B-8FDC-C8E23F0A7880} = {85BCE38C-1558-40E2-A4B8-580FD4505D07}
		{1C2B38EF-18BB-43BB-B2B1-6FC2DC6939C7} = {1AB6524D-1F2A-4BE1-BC48-DA1B107A7A50}
		{C8431CC5-1B45-4CC6-9A98-C88CC4DEA759} = {1C2B38EF-18BB-43BB-B2B1-6FC2DC6939C7}
		{98D9D872-4701-4C60-B591-4EF7CC9363A8} = {1C2B38EF-18BB-43BB-B2B1-6FC2DC6939C7}
		{3539E140-2E1D-4E5F-8308-1886A9473227} = {1C2B38EF-18BB-43BB-B2B1-6FC2DC6939C7}
		{31FA13DD-C300-490D-A85B-A27D2339E10E} = {1C2B38EF-18BB-43BB-B2B1-6FC2DC6939C7}
		{DDC92815-57AA-41D3-B6BF-1A06965E1328} = {2AAE1478-D3F3-4D1A-83C1-233627A03B26}
		{7AD73A74-B367-4042-BD20-8989A0DFCDB9} = {2AAE1478-D3F3-4D1A-83C1-233627A03B26}
		{14449AB1-EF9A-4590-B451-75808A960C81} = {DDC92815-57AA-41D3-B6BF-1A06965E1328}
		{B3CB6078-46BC-4B05-855C-85F3BA7FE6C5} = {DDC92815-57AA-41D3-B6BF-1A06965E1328}
		{67834CC3-BE2F-43AF-8CB3-9EF7451B814D} = {DDC92815-57AA-41D3-B6BF-1A06965E1328}
		{4751DA1C-CDB9-4B91-BCF7-570B1E5EE369} = {DDC92815-57AA-41D3-B6BF-1A06965E1328}
		{69C7418C-C879-489A-83D8-D974E1B4A642} = {DDC92815-57AA-41D3-B6BF-1A06965E1328}
		{2B941E14-9A38-4095-806E-3A547E96FC7F} = {7AD73A74-B367-4042-BD20-8989A0DFCDB9}
		{210A27B7-C695-43DF-AFC4-D60818DC9128} = {7AD73A74-B367-4042-BD20-8989A0DFCDB9}
		{7D192FEE-32C3-4F14-9DD8-5E39443D2512} = {7AD73A74-B367-4042-BD20-8989A0DFCDB9}
		{FCEBBDE7-A580-4C5F-AC34-4247376AF694} = {7AD73A74-B367-4042-BD20-8989A0DFCDB9}
		{68B88404-88E8-4CF4-B1D6-69AA2AAD67A2} = {B721D24A-11BD-4F6C-AB8D-E48EA8CADEE8}
		{7F1B59D0-60F6-41B7-8F13-2B8BBAA6A7A7} = {B721D24A-11BD-4F6C-AB8D-E48EA8CADEE8}
		{8ED1E205-C539-4A79-A17C-C118E88AFEF1} = {68B88404-88E8-4CF4-B1D6-69AA2AAD67A2}
		{92EDE7E1-91AB-43ED-8E87-78C38B1BBECC} = {68B88404-88E8-4CF4-B1D6-69AA2AAD67A2}
		{71DCB590-74BB-4FF7-A377-02609C4D9424} = {68B88404-88E8-4CF4-B1D6-69AA2AAD67A2}
		{46942763-0251-4429-AB2D-F44AA4B2C996} = {68B88404-88E8-4CF4-B1D6-69AA2AAD67A2}
		{23DA26C9-2F89-48ED-BAD8-E3CA362D1738} = {68B88404-88E8-4CF4-B1D6-69AA2AAD67A2}
		{E7B0328D-BE0C-4F54-9442-4123EDB34490} = {7F1B59D0-60F6-41B7-8F13-2B8BBAA6A7A7}
		{52FE9297-629C-4944-ACEB-391BC9CF1CD7} = {7F1B59D0-60F6-41B7-8F13-2B8BBAA6A7A7}
		{868EAF3A-F004-448C-8E50-99FBF1E384DA} = {7F1B59D0-60F6-41B7-8F13-2B8BBAA6A7A7}
		{DD55E4AB-5DD1-44D8-A631-6DE0A6661704} = {7F1B59D0-60F6-41B7-8F13-2B8BBAA6A7A7}
		{EA5617C8-E984-45B8-B9F9-2EED01B886CD} = {E5A5B5A4-2BC9-4D77-AD64-4B5A5871E192}
		{4993BFBA-D8BF-4876-8867-73CC1E066E91} = {E5A5B5A4-2BC9-4D77-AD64-4B5A5871E192}
		{4AF47225-3F43-42EE-A7D6-DB4175FC49CB} = {EA5617C8-E984-45B8-B9F9-2EED01B886CD}
		{E08DDADD-3EBF-49EA-BFF2-0D058F37F556} = {EA5617C8-E984-45B8-B9F9-2EED01B886CD}
		{2BCCCF8F-C7AD-471A-84D4-6F75B53896EB} = {EA5617C8-E984-45B8-B9F9-2EED01B886CD}
		{C2BB298D-6778-480A-942D-28C611C74494} = {EA5617C8-E984-45B8-B9F9-2EED01B886CD}
		{68DB7019-A2D9-4429-8809-CD02A6E13631} = {EA5617C8-E984-45B8-B9F9-2EED01B886CD}
		{2FD5B4D8-81DA-4A90-B4CB-DB6529FD010B} = {4993BFBA-D8BF-4876-8867-73CC1E066E91}
		{542FC5DC-844C-404D-B5E8-4991028E3EAE} = {4993BFBA-D8BF-4876-8867-73CC1E066E91}
		{15CBAAC1-55CE-4FB5-8BE3-B7D307504E44} = {4993BFBA-D8BF-4876-8867-73CC1E066E91}
		{76AD466B-B334-418E-AC47-96A5011898E9} = {4993BFBA-D8BF-4876-8867-73CC1E066E91}
		{31A67267-4457-4019-B39F-793F012BFBDA} = {E20DD84A-FBAA-40AB-A7FD-A0C1C675C86F}
		{21D466B7-070C-485D-B293-CFD75BE3D5F2} = {E20DD84A-FBAA-40AB-A7FD-A0C1C675C86F}
		{0C533076-FE43-497B-9E34-437F7A983E31} = {31A67267-4457-4019-B39F-793F012BFBDA}
		{C1AE2738-0730-45CC-9152-36F4C3C79F5E} = {31A67267-4457-4019-B39F-793F012BFBDA}
		{1DD5B72D-16DF-4A1A-BE24-6FE864E83F42} = {31A67267-4457-4019-B39F-793F012BFBDA}
		{455F5FC3-FA2F-41A8-8FB8-92FF20D8AE35} = {31A67267-4457-4019-B39F-793F012BFBDA}
		{31339833-564C-460E-BABD-C548652DD957} = {31A67267-4457-4019-B39F-793F012BFBDA}
		{D611312D-8088-4317-95CD-164371310297} = {21D466B7-070C-485D-B293-CFD75BE3D5F2}
		{9B081096-01D2-4B7E-983C-A035A41248A4} = {21D466B7-070C-485D-B293-CFD75BE3D5F2}
		{612D3A64-0164-4DBF-B871-810C0B846FA6} = {21D466B7-070C-485D-B293-CFD75BE3D5F2}
		{6DD3E097-1F45-43C1-ACD7-BE5DE1B8CC2A} = {21D466B7-070C-485D-B293-CFD75BE3D5F2}
		{DEB5F59C-62CA-490B-96AF-23026EDB565A} = {ADF2789E-DE10-4F06-9972-B368A1F91740}
		{E6C3F87B-F8BC-420B-93D2-79142AEAD909} = {ADF2789E-DE10-4F06-9972-B368A1F91740}
		{966C44F3-5E51-463B-BCF0-415402AFEE31} = {DEB5F59C-62CA-490B-96AF-23026EDB565A}
		{43559C11-9BBA-47DD-BB35-65D4E4DB05BA} = {DEB5F59C-62CA-490B-96AF-23026EDB565A}
		{A686816A-9C98-4998-A669-1F01C219A231} = {DEB5F59C-62CA-490B-96AF-23026EDB565A}
		{4C152DD8-8F3C-4237-9AAF-13BF5C8023D9} = {DEB5F59C-62CA-490B-96AF-23026EDB565A}
		{26C3774C-3F7D-4592-9185-320D7F66058A} = {DEB5F59C-62CA-490B-96AF-23026EDB565A}
		{CFA69BA1-2D8D-4A3E-BD5F-731426DFB65A} = {E6C3F87B-F8BC-420B-93D2-79142AEAD909}
		{AC59CF1E-1071-4497-A00B-164C7172D1D4} = {E6C3F87B-F8BC-420B-93D2-79142AEAD909}
		{52DCACEE-EA08-4C41-A0EA-D0EF1C26B62A} = {E6C3F87B-F8BC-420B-93D2-79142AEAD909}
		{93088C46-E7E7-43A9-8F81-D9B5B69A3155} = {E6C3F87B-F8BC-420B-93D2-79142AEAD909}
		{7E28C40D-112A-4272-A39B-B19D94D94A27} = {DEB5F59C-62CA-490B-96AF-23026EDB565A}
		{3544375E-1B91-48D3-8151-352FBD60C306} = {1D708AEE-2C8C-47FF-B937-B28716510488}
	EndGlobalSection
EndGlobal
